// !$*UTF8*$!
{
	archiveVersion = 1;
	classes = {
	};
	objectVersion = 44;
	objects = {

/* Begin PBXAggregateTarget section */
		89D0F1C90F3B704E007831A7 /* QTCubed */ = {
			isa = PBXAggregateTarget;
			buildConfigurationList = 89D0F1D20F3B7080007831A7 /* Build configuration list for PBXAggregateTarget "QTCubed" */;
			buildPhases = (
			);
			dependencies = (
				89D0F1D10F3B7062007831A7 /* PBXTargetDependency */,
				89D0F1CF0F3B7062007831A7 /* PBXTargetDependency */,
				89D0F1CD0F3B7062007831A7 /* PBXTargetDependency */,
			);
			name = QTCubed;
			productName = QTCubed;
		};
/* End PBXAggregateTarget section */

/* Begin PBXBuildFile section */
		56E9FCDC113270D100570103 /* libQTCubed.jnilib in CopyFiles */ = {isa = PBXBuildFile; fileRef = BFA701EE112EA91A00D5157A /* libQTCubed.jnilib */; };
		89C3F2920F5250A300B0048E /* Credits.rtf in Resources */ = {isa = PBXBuildFile; fileRef = 89C3F2900F5250A300B0048E /* Credits.rtf */; };
		89D0F0240F392F20007831A7 /* InfoPlist.strings in Resources */ = {isa = PBXBuildFile; fileRef = 89D0F0210F392F20007831A7 /* InfoPlist.strings */; };
		89D0F0410F39306C007831A7 /* JavaApplicationStub in Copy Executable */ = {isa = PBXBuildFile; fileRef = 89D0F03E0F39304A007831A7 /* JavaApplicationStub */; };
		89D0F05C0F39404F007831A7 /* Cocoa.framework in Frameworks */ = {isa = PBXBuildFile; fileRef = 1058C7A1FEA54F0111CA2CBB /* Cocoa.framework */; };
		89D0F0850F394066007831A7 /* JavaNativeFoundation.framework in Frameworks */ = {isa = PBXBuildFile; fileRef = 89D0F0840F394066007831A7 /* JavaNativeFoundation.framework */; };
		89D0F1870F3A2442007831A7 /* JavaVM.framework in Frameworks */ = {isa = PBXBuildFile; fileRef = 89D0F1860F3A2442007831A7 /* JavaVM.framework */; };
		89D0F1BF0F3B68AD007831A7 /* GenericApp.icns in Resources */ = {isa = PBXBuildFile; fileRef = 89D0F1BE0F3B68AD007831A7 /* GenericApp.icns */; };
		BF152CED112ED7BE008B4ECC /* QTMovieBridge.m in Sources */ = {isa = PBXBuildFile; fileRef = BFA7033E112EABF100D5157A /* QTMovieBridge.m */; };
		BF78591B112EDDC70064262B /* AppKit.framework in Frameworks */ = {isa = PBXBuildFile; fileRef = 29B97324FDCFA39411CA2CEA /* AppKit.framework */; };
		BF98C1ED117301020059AA19 /* net_mc_cubed_qtcubed_QTKitMediaType.h in Headers */ = {isa = PBXBuildFile; fileRef = BF98C1EC117301020059AA19 /* net_mc_cubed_qtcubed_QTKitMediaType.h */; };
		BFA701CD112EA8E400D5157A /* QTKit.framework in Frameworks */ = {isa = PBXBuildFile; fileRef = BFA701CC112EA8E400D5157A /* QTKit.framework */; };
		BFC77906112FDFE900F2D7A3 /* net_mc_cubed_qtcubed_QTMovie.h in Headers */ = {isa = PBXBuildFile; fileRef = BFC77905112FDFE900F2D7A3 /* net_mc_cubed_qtcubed_QTMovie.h */; };
		BFC7799C1130009800F2D7A3 /* net_mc_cubed_qtcubed_QTMovieView.h in Headers */ = {isa = PBXBuildFile; fileRef = BFC7799B1130009700F2D7A3 /* net_mc_cubed_qtcubed_QTMovieView.h */; };
		BFC779A0113000D200F2D7A3 /* QTMovieViewBridge.m in Sources */ = {isa = PBXBuildFile; fileRef = BFC7799E113000D200F2D7A3 /* QTMovieViewBridge.m */; };
		BFC77A611130250900F2D7A3 /* QTMovieViewBridge.h in Headers */ = {isa = PBXBuildFile; fileRef = BFC77A601130250900F2D7A3 /* QTMovieViewBridge.h */; };
		BFC77B1D11310CB000F2D7A3 /* libQTCubed.jnilib in Copy Java Resources */ = {isa = PBXBuildFile; fileRef = BFA701EE112EA91A00D5157A /* libQTCubed.jnilib */; };
		BFC77B1F11310CC800F2D7A3 /* QTCubed.jar in Copy Java Resources */ = {isa = PBXBuildFile; fileRef = BFC77B1E11310CC100F2D7A3 /* QTCubed.jar */; };
		BFFC1179116ECD8E00BEEA82 /* QTKitCaptureSession.h in Headers */ = {isa = PBXBuildFile; fileRef = BFFC1177116ECD8E00BEEA82 /* QTKitCaptureSession.h */; };
		BFFC117A116ECD8E00BEEA82 /* QTKitCaptureSession.m in Sources */ = {isa = PBXBuildFile; fileRef = BFFC1178116ECD8E00BEEA82 /* QTKitCaptureSession.m */; };
		BFFC117D116ECDE100BEEA82 /* net_mc_cubed_qtcubed_QTKitCaptureSession.h in Headers */ = {isa = PBXBuildFile; fileRef = BFFC117C116ECDE100BEEA82 /* net_mc_cubed_qtcubed_QTKitCaptureSession.h */; };
		BFFC11BD116EDE4600BEEA82 /* QTKitCaptureDevice.h in Headers */ = {isa = PBXBuildFile; fileRef = BFFC11BB116EDE4600BEEA82 /* QTKitCaptureDevice.h */; };
		BFFC11BE116EDE4600BEEA82 /* QTKitCaptureDevice.m in Sources */ = {isa = PBXBuildFile; fileRef = BFFC11BC116EDE4600BEEA82 /* QTKitCaptureDevice.m */; };
		BFFC11CA116EDF0500BEEA82 /* net_mc_cubed_qtcubed_QTKitCaptureConnection.h in Headers */ = {isa = PBXBuildFile; fileRef = BFFC11BF116EDF0500BEEA82 /* net_mc_cubed_qtcubed_QTKitCaptureConnection.h */; };
		BFFC11CB116EDF0500BEEA82 /* net_mc_cubed_qtcubed_QTKitCaptureDecompressedAudioOutput.h in Headers */ = {isa = PBXBuildFile; fileRef = BFFC11C0116EDF0500BEEA82 /* net_mc_cubed_qtcubed_QTKitCaptureDecompressedAudioOutput.h */; };
		BFFC11CC116EDF0500BEEA82 /* net_mc_cubed_qtcubed_QTKitCaptureDecompressedVideoOutput.h in Headers */ = {isa = PBXBuildFile; fileRef = BFFC11C1116EDF0500BEEA82 /* net_mc_cubed_qtcubed_QTKitCaptureDecompressedVideoOutput.h */; };
		BFFC11CD116EDF0500BEEA82 /* net_mc_cubed_qtcubed_QTKitCaptureDevice.h in Headers */ = {isa = PBXBuildFile; fileRef = BFFC11C2116EDF0500BEEA82 /* net_mc_cubed_qtcubed_QTKitCaptureDevice.h */; };
		BFFC11CE116EDF0500BEEA82 /* net_mc_cubed_qtcubed_QTKitCaptureDeviceInput.h in Headers */ = {isa = PBXBuildFile; fileRef = BFFC11C3116EDF0500BEEA82 /* net_mc_cubed_qtcubed_QTKitCaptureDeviceInput.h */; };
		BFFC11CF116EDF0500BEEA82 /* net_mc_cubed_qtcubed_QTKitCaptureInput.h in Headers */ = {isa = PBXBuildFile; fileRef = BFFC11C4116EDF0500BEEA82 /* net_mc_cubed_qtcubed_QTKitCaptureInput.h */; };
		BFFC11D0116EDF0500BEEA82 /* net_mc_cubed_qtcubed_QTKitCaptureOutput.h in Headers */ = {isa = PBXBuildFile; fileRef = BFFC11C5116EDF0500BEEA82 /* net_mc_cubed_qtcubed_QTKitCaptureOutput.h */; };
		BFFC11D1116EDF0500BEEA82 /* net_mc_cubed_qtcubed_QTKitCaptureView.h in Headers */ = {isa = PBXBuildFile; fileRef = BFFC11C6116EDF0500BEEA82 /* net_mc_cubed_qtcubed_QTKitCaptureView.h */; };
		BFFC11D2116EDF0500BEEA82 /* net_mc_cubed_qtcubed_QTKitCompressionOptions.h in Headers */ = {isa = PBXBuildFile; fileRef = BFFC11C7116EDF0500BEEA82 /* net_mc_cubed_qtcubed_QTKitCompressionOptions.h */; };
		BFFC11D3116EDF0500BEEA82 /* net_mc_cubed_qtcubed_QTKitFormatDescription.h in Headers */ = {isa = PBXBuildFile; fileRef = BFFC11C8116EDF0500BEEA82 /* net_mc_cubed_qtcubed_QTKitFormatDescription.h */; };
		BFFC11D4116EDF0500BEEA82 /* net_mc_cubed_qtcubed_QTKitSampleBuffer.h in Headers */ = {isa = PBXBuildFile; fileRef = BFFC11C9116EDF0500BEEA82 /* net_mc_cubed_qtcubed_QTKitSampleBuffer.h */; };
		BFFC1357116EF34900BEEA82 /* QTKitCaptureDeviceInput.h in Headers */ = {isa = PBXBuildFile; fileRef = BFFC1355116EF34800BEEA82 /* QTKitCaptureDeviceInput.h */; };
		BFFC1358116EF34900BEEA82 /* QTKitCaptureDeviceInput.m in Sources */ = {isa = PBXBuildFile; fileRef = BFFC1356116EF34900BEEA82 /* QTKitCaptureDeviceInput.m */; };
		BFFC13D1116EFAE800BEEA82 /* QTCaptureViewBridge.h in Headers */ = {isa = PBXBuildFile; fileRef = BFFC13CF116EFAE800BEEA82 /* QTCaptureViewBridge.h */; };
		BFFC13D2116EFAE800BEEA82 /* QTCaptureViewBridge.m in Sources */ = {isa = PBXBuildFile; fileRef = BFFC13D0116EFAE800BEEA82 /* QTCaptureViewBridge.m */; };
		BFFC13DA116EFD4000BEEA82 /* net_mc_cubed_qtcubed_QTKitMovieView.h in Headers */ = {isa = PBXBuildFile; fileRef = BFFC13D9116EFD4000BEEA82 /* net_mc_cubed_qtcubed_QTKitMovieView.h */; };
		BFFC1414116F030200BEEA82 /* QTKitCaptureDecompressedVideoOutput.h in Headers */ = {isa = PBXBuildFile; fileRef = BFFC1412116F030200BEEA82 /* QTKitCaptureDecompressedVideoOutput.h */; };
		BFFC1415116F030200BEEA82 /* QTKitCaptureDecompressedVideoOutput.m in Sources */ = {isa = PBXBuildFile; fileRef = BFFC1413116F030200BEEA82 /* QTKitCaptureDecompressedVideoOutput.m */; };
		BFFC141F116F04B200BEEA82 /* QTKitCaptureDecompressedAudioOutput.h in Headers */ = {isa = PBXBuildFile; fileRef = BFFC141D116F04B200BEEA82 /* QTKitCaptureDecompressedAudioOutput.h */; };
		BFFC1420116F04B200BEEA82 /* QTKitCaptureDecompressedAudioOutput.m in Sources */ = {isa = PBXBuildFile; fileRef = BFFC141E116F04B200BEEA82 /* QTKitCaptureDecompressedAudioOutput.m */; };
/* End PBXBuildFile section */

/* Begin PBXContainerItemProxy section */
		89D0F1CC0F3B7062007831A7 /* PBXContainerItemProxy */ = {
			isa = PBXContainerItemProxy;
			containerPortal = 29B97313FDCFA39411CA2CEA /* Project object */;
			proxyType = 1;
			remoteGlobalIDString = 8D1107260486CEB800E47090;
			remoteInfo = "Assemble Application";
		};
		89D0F1CE0F3B7062007831A7 /* PBXContainerItemProxy */ = {
			isa = PBXContainerItemProxy;
			containerPortal = 29B97313FDCFA39411CA2CEA /* Project object */;
			proxyType = 1;
			remoteGlobalIDString = 89D0F04F0F393AD9007831A7;
			remoteInfo = "Compile Native";
		};
		89D0F1D00F3B7062007831A7 /* PBXContainerItemProxy */ = {
			isa = PBXContainerItemProxy;
			containerPortal = 29B97313FDCFA39411CA2CEA /* Project object */;
			proxyType = 1;
			remoteGlobalIDString = 89D0F0480F393A6F007831A7;
			remoteInfo = "Compile Java";
		};
/* End PBXContainerItemProxy section */

/* Begin PBXCopyFilesBuildPhase section */
		56E9FCDB113270A300570103 /* CopyFiles */ = {
			isa = PBXCopyFilesBuildPhase;
			buildActionMask = 12;
			dstPath = /Library/Java/Extensions;
			dstSubfolderSpec = 0;
			files = (
				56E9FCDC113270D100570103 /* libQTCubed.jnilib in CopyFiles */,
			);
			runOnlyForDeploymentPostprocessing = 0;
		};
		89D0F0440F393070007831A7 /* Copy Executable */ = {
			isa = PBXCopyFilesBuildPhase;
			buildActionMask = 2147483647;
			dstPath = "";
			dstSubfolderSpec = 6;
			files = (
				89D0F0410F39306C007831A7 /* JavaApplicationStub in Copy Executable */,
			);
			name = "Copy Executable";
			runOnlyForDeploymentPostprocessing = 0;
		};
		89D0F11F0F394189007831A7 /* Copy Java Resources */ = {
			isa = PBXCopyFilesBuildPhase;
			buildActionMask = 2147483647;
			dstPath = "";
			dstSubfolderSpec = 15;
			files = (
				BFC77B1F11310CC800F2D7A3 /* QTCubed.jar in Copy Java Resources */,
				BFC77B1D11310CB000F2D7A3 /* libQTCubed.jnilib in Copy Java Resources */,
			);
			name = "Copy Java Resources";
			runOnlyForDeploymentPostprocessing = 0;
		};
/* End PBXCopyFilesBuildPhase section */

/* Begin PBXFileReference section */
		1058C7A1FEA54F0111CA2CBB /* Cocoa.framework */ = {isa = PBXFileReference; lastKnownFileType = wrapper.framework; name = Cocoa.framework; path = /System/Library/Frameworks/Cocoa.framework; sourceTree = "<absolute>"; };
		29B97324FDCFA39411CA2CEA /* AppKit.framework */ = {isa = PBXFileReference; lastKnownFileType = wrapper.framework; name = AppKit.framework; path = /System/Library/Frameworks/AppKit.framework; sourceTree = "<absolute>"; };
		29B97325FDCFA39411CA2CEA /* Foundation.framework */ = {isa = PBXFileReference; lastKnownFileType = wrapper.framework; name = Foundation.framework; path = /System/Library/Frameworks/Foundation.framework; sourceTree = "<absolute>"; };
		89C3F2910F5250A300B0048E /* English */ = {isa = PBXFileReference; lastKnownFileType = text.rtf; name = English; path = English.lproj/Credits.rtf; sourceTree = "<group>"; };
		89D0F0220F392F20007831A7 /* English */ = {isa = PBXFileReference; fileEncoding = 10; lastKnownFileType = text.plist.strings; name = English; path = English.lproj/InfoPlist.strings; sourceTree = "<group>"; };
		89D0F0230F392F20007831A7 /* Info.plist */ = {isa = PBXFileReference; fileEncoding = 4; lastKnownFileType = text.plist.xml; path = Info.plist; sourceTree = "<group>"; };
		89D0F0290F392F56007831A7 /* java */ = {isa = PBXFileReference; lastKnownFileType = folder; path = java; sourceTree = "<group>"; };
		89D0F03E0F39304A007831A7 /* JavaApplicationStub */ = {isa = PBXFileReference; lastKnownFileType = "compiled.mach-o.executable"; name = JavaApplicationStub; path = /System/Library/Frameworks/JavaVM.framework/Versions/A/Resources/MacOS/JavaApplicationStub; sourceTree = "<absolute>"; };
		89D0F0840F394066007831A7 /* JavaNativeFoundation.framework */ = {isa = PBXFileReference; lastKnownFileType = wrapper.framework; name = JavaNativeFoundation.framework; path = /System/Library/Frameworks/JavaVM.framework/Versions/A/Frameworks/JavaNativeFoundation.framework; sourceTree = "<absolute>"; };
		89D0F1390F3948A9007831A7 /* make */ = {isa = PBXFileReference; lastKnownFileType = folder; path = make; sourceTree = "<group>"; };
		89D0F1860F3A2442007831A7 /* JavaVM.framework */ = {isa = PBXFileReference; lastKnownFileType = wrapper.framework; name = JavaVM.framework; path = /System/Library/Frameworks/JavaVM.framework; sourceTree = "<absolute>"; };
		89D0F1BE0F3B68AD007831A7 /* GenericApp.icns */ = {isa = PBXFileReference; lastKnownFileType = image.icns; name = GenericApp.icns; path = /System/Library/Frameworks/JavaVM.framework/Versions/A/Resources/GenericApp.icns; sourceTree = "<absolute>"; };
		8D1107320486CEB800E47090 /* QTCubed.app */ = {isa = PBXFileReference; explicitFileType = wrapper.application; includeInIndex = 0; path = QTCubed.app; sourceTree = BUILT_PRODUCTS_DIR; };
		BF043E98115CB90D00B0B8A8 /* lib */ = {isa = PBXFileReference; lastKnownFileType = folder; path = lib; sourceTree = "<group>"; };
		BF98C14C1172EFA50059AA19 /* QuickTime.framework */ = {isa = PBXFileReference; lastKnownFileType = wrapper.framework; name = QuickTime.framework; path = /System/Library/Frameworks/QuickTime.framework; sourceTree = "<absolute>"; };
		BF98C1EC117301020059AA19 /* net_mc_cubed_qtcubed_QTKitMediaType.h */ = {isa = PBXFileReference; fileEncoding = 4; lastKnownFileType = sourcecode.c.h; name = net_mc_cubed_qtcubed_QTKitMediaType.h; path = "build/QTCubed.build/Debug/Compile Native.build/DerivedSources/net_mc_cubed_qtcubed_QTKitMediaType.h"; sourceTree = "<group>"; };
		BFA701CC112EA8E400D5157A /* QTKit.framework */ = {isa = PBXFileReference; lastKnownFileType = wrapper.framework; name = QTKit.framework; path = /System/Library/Frameworks/QTKit.framework; sourceTree = "<absolute>"; };
		BFA701EE112EA91A00D5157A /* libQTCubed.jnilib */ = {isa = PBXFileReference; explicitFileType = "compiled.mach-o.dylib"; includeInIndex = 0; path = libQTCubed.jnilib; sourceTree = BUILT_PRODUCTS_DIR; };
		BFA7033E112EABF100D5157A /* QTMovieBridge.m */ = {isa = PBXFileReference; fileEncoding = 4; lastKnownFileType = sourcecode.c.objc; path = QTMovieBridge.m; sourceTree = "<group>"; };
		BFC77905112FDFE900F2D7A3 /* net_mc_cubed_qtcubed_QTMovie.h */ = {isa = PBXFileReference; fileEncoding = 4; lastKnownFileType = sourcecode.c.h; name = net_mc_cubed_qtcubed_QTMovie.h; path = "build/QTCubed.build/Debug/Compile Native.build/DerivedSources/net_mc_cubed_qtcubed_QTMovie.h"; sourceTree = "<group>"; };
		BFC7799B1130009700F2D7A3 /* net_mc_cubed_qtcubed_QTMovieView.h */ = {isa = PBXFileReference; fileEncoding = 4; lastKnownFileType = sourcecode.c.h; name = net_mc_cubed_qtcubed_QTMovieView.h; path = "build/QTCubed.build/Debug/Compile Native.build/DerivedSources/net_mc_cubed_qtcubed_QTMovieView.h"; sourceTree = "<group>"; };
		BFC7799E113000D200F2D7A3 /* QTMovieViewBridge.m */ = {isa = PBXFileReference; fileEncoding = 4; lastKnownFileType = sourcecode.c.objc; path = QTMovieViewBridge.m; sourceTree = "<group>"; };
		BFC77A5A11301AC200F2D7A3 /* Manifest */ = {isa = PBXFileReference; fileEncoding = 4; lastKnownFileType = text; path = Manifest; sourceTree = "<group>"; };
		BFC77A5B11301AD100F2D7A3 /* version.plist */ = {isa = PBXFileReference; fileEncoding = 4; lastKnownFileType = text.plist.xml; path = version.plist; sourceTree = "<group>"; };
		BFC77A601130250900F2D7A3 /* QTMovieViewBridge.h */ = {isa = PBXFileReference; fileEncoding = 4; lastKnownFileType = sourcecode.c.h; path = QTMovieViewBridge.h; sourceTree = "<group>"; };
		BFC77B1E11310CC100F2D7A3 /* QTCubed.jar */ = {isa = PBXFileReference; lastKnownFileType = archive.jar; name = QTCubed.jar; path = build/Debug/QTCubed.jar; sourceTree = "<group>"; };
		BFFC1177116ECD8E00BEEA82 /* QTKitCaptureSession.h */ = {isa = PBXFileReference; fileEncoding = 4; lastKnownFileType = sourcecode.c.h; path = QTKitCaptureSession.h; sourceTree = "<group>"; };
		BFFC1178116ECD8E00BEEA82 /* QTKitCaptureSession.m */ = {isa = PBXFileReference; fileEncoding = 4; lastKnownFileType = sourcecode.c.objc; path = QTKitCaptureSession.m; sourceTree = "<group>"; };
		BFFC117C116ECDE100BEEA82 /* net_mc_cubed_qtcubed_QTKitCaptureSession.h */ = {isa = PBXFileReference; fileEncoding = 4; lastKnownFileType = sourcecode.c.h; name = net_mc_cubed_qtcubed_QTKitCaptureSession.h; path = "build/QTCubed.build/Debug/Compile Native.build/DerivedSources/net_mc_cubed_qtcubed_QTKitCaptureSession.h"; sourceTree = "<group>"; };
		BFFC11BB116EDE4600BEEA82 /* QTKitCaptureDevice.h */ = {isa = PBXFileReference; fileEncoding = 4; lastKnownFileType = sourcecode.c.h; path = QTKitCaptureDevice.h; sourceTree = "<group>"; };
		BFFC11BC116EDE4600BEEA82 /* QTKitCaptureDevice.m */ = {isa = PBXFileReference; fileEncoding = 4; lastKnownFileType = sourcecode.c.objc; path = QTKitCaptureDevice.m; sourceTree = "<group>"; };
		BFFC11BF116EDF0500BEEA82 /* net_mc_cubed_qtcubed_QTKitCaptureConnection.h */ = {isa = PBXFileReference; fileEncoding = 4; lastKnownFileType = sourcecode.c.h; name = net_mc_cubed_qtcubed_QTKitCaptureConnection.h; path = "build/QTCubed.build/Debug/Compile Native.build/DerivedSources/net_mc_cubed_qtcubed_QTKitCaptureConnection.h"; sourceTree = "<group>"; };
		BFFC11C0116EDF0500BEEA82 /* net_mc_cubed_qtcubed_QTKitCaptureDecompressedAudioOutput.h */ = {isa = PBXFileReference; fileEncoding = 4; lastKnownFileType = sourcecode.c.h; name = net_mc_cubed_qtcubed_QTKitCaptureDecompressedAudioOutput.h; path = "build/QTCubed.build/Debug/Compile Native.build/DerivedSources/net_mc_cubed_qtcubed_QTKitCaptureDecompressedAudioOutput.h"; sourceTree = "<group>"; };
		BFFC11C1116EDF0500BEEA82 /* net_mc_cubed_qtcubed_QTKitCaptureDecompressedVideoOutput.h */ = {isa = PBXFileReference; fileEncoding = 4; lastKnownFileType = sourcecode.c.h; name = net_mc_cubed_qtcubed_QTKitCaptureDecompressedVideoOutput.h; path = "build/QTCubed.build/Debug/Compile Native.build/DerivedSources/net_mc_cubed_qtcubed_QTKitCaptureDecompressedVideoOutput.h"; sourceTree = "<group>"; };
		BFFC11C2116EDF0500BEEA82 /* net_mc_cubed_qtcubed_QTKitCaptureDevice.h */ = {isa = PBXFileReference; fileEncoding = 4; lastKnownFileType = sourcecode.c.h; name = net_mc_cubed_qtcubed_QTKitCaptureDevice.h; path = "build/QTCubed.build/Debug/Compile Native.build/DerivedSources/net_mc_cubed_qtcubed_QTKitCaptureDevice.h"; sourceTree = "<group>"; };
		BFFC11C3116EDF0500BEEA82 /* net_mc_cubed_qtcubed_QTKitCaptureDeviceInput.h */ = {isa = PBXFileReference; fileEncoding = 4; lastKnownFileType = sourcecode.c.h; name = net_mc_cubed_qtcubed_QTKitCaptureDeviceInput.h; path = "build/QTCubed.build/Debug/Compile Native.build/DerivedSources/net_mc_cubed_qtcubed_QTKitCaptureDeviceInput.h"; sourceTree = "<group>"; };
		BFFC11C4116EDF0500BEEA82 /* net_mc_cubed_qtcubed_QTKitCaptureInput.h */ = {isa = PBXFileReference; fileEncoding = 4; lastKnownFileType = sourcecode.c.h; name = net_mc_cubed_qtcubed_QTKitCaptureInput.h; path = "build/QTCubed.build/Debug/Compile Native.build/DerivedSources/net_mc_cubed_qtcubed_QTKitCaptureInput.h"; sourceTree = "<group>"; };
		BFFC11C5116EDF0500BEEA82 /* net_mc_cubed_qtcubed_QTKitCaptureOutput.h */ = {isa = PBXFileReference; fileEncoding = 4; lastKnownFileType = sourcecode.c.h; name = net_mc_cubed_qtcubed_QTKitCaptureOutput.h; path = "build/QTCubed.build/Debug/Compile Native.build/DerivedSources/net_mc_cubed_qtcubed_QTKitCaptureOutput.h"; sourceTree = "<group>"; };
		BFFC11C6116EDF0500BEEA82 /* net_mc_cubed_qtcubed_QTKitCaptureView.h */ = {isa = PBXFileReference; fileEncoding = 4; lastKnownFileType = sourcecode.c.h; name = net_mc_cubed_qtcubed_QTKitCaptureView.h; path = "build/QTCubed.build/Debug/Compile Native.build/DerivedSources/net_mc_cubed_qtcubed_QTKitCaptureView.h"; sourceTree = "<group>"; };
		BFFC11C7116EDF0500BEEA82 /* net_mc_cubed_qtcubed_QTKitCompressionOptions.h */ = {isa = PBXFileReference; fileEncoding = 4; lastKnownFileType = sourcecode.c.h; name = net_mc_cubed_qtcubed_QTKitCompressionOptions.h; path = "build/QTCubed.build/Debug/Compile Native.build/DerivedSources/net_mc_cubed_qtcubed_QTKitCompressionOptions.h"; sourceTree = "<group>"; };
		BFFC11C8116EDF0500BEEA82 /* net_mc_cubed_qtcubed_QTKitFormatDescription.h */ = {isa = PBXFileReference; fileEncoding = 4; lastKnownFileType = sourcecode.c.h; name = net_mc_cubed_qtcubed_QTKitFormatDescription.h; path = "build/QTCubed.build/Debug/Compile Native.build/DerivedSources/net_mc_cubed_qtcubed_QTKitFormatDescription.h"; sourceTree = "<group>"; };
		BFFC11C9116EDF0500BEEA82 /* net_mc_cubed_qtcubed_QTKitSampleBuffer.h */ = {isa = PBXFileReference; fileEncoding = 4; lastKnownFileType = sourcecode.c.h; name = net_mc_cubed_qtcubed_QTKitSampleBuffer.h; path = "build/QTCubed.build/Debug/Compile Native.build/DerivedSources/net_mc_cubed_qtcubed_QTKitSampleBuffer.h"; sourceTree = "<group>"; };
		BFFC1355116EF34800BEEA82 /* QTKitCaptureDeviceInput.h */ = {isa = PBXFileReference; fileEncoding = 4; lastKnownFileType = sourcecode.c.h; path = QTKitCaptureDeviceInput.h; sourceTree = "<group>"; };
		BFFC1356116EF34900BEEA82 /* QTKitCaptureDeviceInput.m */ = {isa = PBXFileReference; fileEncoding = 4; lastKnownFileType = sourcecode.c.objc; path = QTKitCaptureDeviceInput.m; sourceTree = "<group>"; };
		BFFC13CF116EFAE800BEEA82 /* QTCaptureViewBridge.h */ = {isa = PBXFileReference; fileEncoding = 4; lastKnownFileType = sourcecode.c.h; path = QTCaptureViewBridge.h; sourceTree = "<group>"; };
		BFFC13D0116EFAE800BEEA82 /* QTCaptureViewBridge.m */ = {isa = PBXFileReference; fileEncoding = 4; lastKnownFileType = sourcecode.c.objc; path = QTCaptureViewBridge.m; sourceTree = "<group>"; };
		BFFC13D9116EFD4000BEEA82 /* net_mc_cubed_qtcubed_QTKitMovieView.h */ = {isa = PBXFileReference; fileEncoding = 4; lastKnownFileType = sourcecode.c.h; name = net_mc_cubed_qtcubed_QTKitMovieView.h; path = "build/QTCubed.build/Debug/Compile Native.build/DerivedSources/net_mc_cubed_qtcubed_QTKitMovieView.h"; sourceTree = "<group>"; };
		BFFC1412116F030200BEEA82 /* QTKitCaptureDecompressedVideoOutput.h */ = {isa = PBXFileReference; fileEncoding = 4; lastKnownFileType = sourcecode.c.h; path = QTKitCaptureDecompressedVideoOutput.h; sourceTree = "<group>"; };
		BFFC1413116F030200BEEA82 /* QTKitCaptureDecompressedVideoOutput.m */ = {isa = PBXFileReference; fileEncoding = 4; lastKnownFileType = sourcecode.c.objc; path = QTKitCaptureDecompressedVideoOutput.m; sourceTree = "<group>"; };
		BFFC141D116F04B200BEEA82 /* QTKitCaptureDecompressedAudioOutput.h */ = {isa = PBXFileReference; fileEncoding = 4; lastKnownFileType = sourcecode.c.h; path = QTKitCaptureDecompressedAudioOutput.h; sourceTree = "<group>"; };
		BFFC141E116F04B200BEEA82 /* QTKitCaptureDecompressedAudioOutput.m */ = {isa = PBXFileReference; fileEncoding = 4; lastKnownFileType = sourcecode.c.objc; path = QTKitCaptureDecompressedAudioOutput.m; sourceTree = "<group>"; };
/* End PBXFileReference section */

/* Begin PBXFrameworksBuildPhase section */
		89D0F04E0F393AD9007831A7 /* Frameworks */ = {
			isa = PBXFrameworksBuildPhase;
			buildActionMask = 2147483647;
			files = (
				BF78591B112EDDC70064262B /* AppKit.framework in Frameworks */,
				89D0F05C0F39404F007831A7 /* Cocoa.framework in Frameworks */,
				89D0F0850F394066007831A7 /* JavaNativeFoundation.framework in Frameworks */,
				89D0F1870F3A2442007831A7 /* JavaVM.framework in Frameworks */,
				BFA701CD112EA8E400D5157A /* QTKit.framework in Frameworks */,
			);
			runOnlyForDeploymentPostprocessing = 0;
		};
/* End PBXFrameworksBuildPhase section */

/* Begin PBXGroup section */
		1058C7A0FEA54F0111CA2CBB /* Linked Frameworks */ = {
			isa = PBXGroup;
			children = (
				BFA701CC112EA8E400D5157A /* QTKit.framework */,
				1058C7A1FEA54F0111CA2CBB /* Cocoa.framework */,
				89D0F1860F3A2442007831A7 /* JavaVM.framework */,
				89D0F0840F394066007831A7 /* JavaNativeFoundation.framework */,
			);
			name = "Linked Frameworks";
			sourceTree = "<group>";
		};
		1058C7A2FEA54F0111CA2CBB /* Other Frameworks */ = {
			isa = PBXGroup;
			children = (
				29B97324FDCFA39411CA2CEA /* AppKit.framework */,
				29B97325FDCFA39411CA2CEA /* Foundation.framework */,
				BF98C14C1172EFA50059AA19 /* QuickTime.framework */,
			);
			name = "Other Frameworks";
			sourceTree = "<group>";
		};
		19C28FACFE9D520D11CA2CBB /* Products */ = {
			isa = PBXGroup;
			children = (
				BF98C1EC117301020059AA19 /* net_mc_cubed_qtcubed_QTKitMediaType.h */,
				BFFC13D9116EFD4000BEEA82 /* net_mc_cubed_qtcubed_QTKitMovieView.h */,
				BFFC11BF116EDF0500BEEA82 /* net_mc_cubed_qtcubed_QTKitCaptureConnection.h */,
				BFFC11C0116EDF0500BEEA82 /* net_mc_cubed_qtcubed_QTKitCaptureDecompressedAudioOutput.h */,
				BFFC11C1116EDF0500BEEA82 /* net_mc_cubed_qtcubed_QTKitCaptureDecompressedVideoOutput.h */,
				BFFC11C2116EDF0500BEEA82 /* net_mc_cubed_qtcubed_QTKitCaptureDevice.h */,
				BFFC11C3116EDF0500BEEA82 /* net_mc_cubed_qtcubed_QTKitCaptureDeviceInput.h */,
				BFFC11C4116EDF0500BEEA82 /* net_mc_cubed_qtcubed_QTKitCaptureInput.h */,
				BFFC11C5116EDF0500BEEA82 /* net_mc_cubed_qtcubed_QTKitCaptureOutput.h */,
				BFFC11C6116EDF0500BEEA82 /* net_mc_cubed_qtcubed_QTKitCaptureView.h */,
				BFFC11C7116EDF0500BEEA82 /* net_mc_cubed_qtcubed_QTKitCompressionOptions.h */,
				BFFC11C8116EDF0500BEEA82 /* net_mc_cubed_qtcubed_QTKitFormatDescription.h */,
				BFFC11C9116EDF0500BEEA82 /* net_mc_cubed_qtcubed_QTKitSampleBuffer.h */,
				BFFC117C116ECDE100BEEA82 /* net_mc_cubed_qtcubed_QTKitCaptureSession.h */,
				BFC77B1E11310CC100F2D7A3 /* QTCubed.jar */,
				BFC77905112FDFE900F2D7A3 /* net_mc_cubed_qtcubed_QTMovie.h */,
				8D1107320486CEB800E47090 /* QTCubed.app */,
				BFC7799B1130009700F2D7A3 /* net_mc_cubed_qtcubed_QTMovieView.h */,
				BFA701EE112EA91A00D5157A /* libQTCubed.jnilib */,
			);
			name = Products;
			sourceTree = "<group>";
		};
		29B97314FDCFA39411CA2CEA /* QTCubed */ = {
			isa = PBXGroup;
			children = (
				89D0F0260F392F48007831A7 /* Source */,
				89D0F0200F392F20007831A7 /* Resources */,
				89D0F1390F3948A9007831A7 /* make */,
				BF043E98115CB90D00B0B8A8 /* lib */,
				29B97323FDCFA39411CA2CEA /* Frameworks */,
				19C28FACFE9D520D11CA2CBB /* Products */,
			);
			name = QTCubed;
			sourceTree = "<group>";
		};
		29B97323FDCFA39411CA2CEA /* Frameworks */ = {
			isa = PBXGroup;
			children = (
				1058C7A0FEA54F0111CA2CBB /* Linked Frameworks */,
				1058C7A2FEA54F0111CA2CBB /* Other Frameworks */,
			);
			name = Frameworks;
			sourceTree = "<group>";
		};
		89D0F0200F392F20007831A7 /* Resources */ = {
			isa = PBXGroup;
			children = (
				BFC77A5B11301AD100F2D7A3 /* version.plist */,
				BFC77A5A11301AC200F2D7A3 /* Manifest */,
				89C3F2900F5250A300B0048E /* Credits.rtf */,
				89D0F0230F392F20007831A7 /* Info.plist */,
				89D0F0210F392F20007831A7 /* InfoPlist.strings */,
				89D0F03E0F39304A007831A7 /* JavaApplicationStub */,
				89D0F1BE0F3B68AD007831A7 /* GenericApp.icns */,
			);
			name = Resources;
			path = resources;
			sourceTree = "<group>";
		};
		89D0F0260F392F48007831A7 /* Source */ = {
			isa = PBXGroup;
			children = (
				89D0F0290F392F56007831A7 /* java */,
				89D0F0280F392F48007831A7 /* native */,
			);
			name = Source;
			path = src;
			sourceTree = "<group>";
		};
		89D0F0280F392F48007831A7 /* native */ = {
			isa = PBXGroup;
			children = (
				BFA7033E112EABF100D5157A /* QTMovieBridge.m */,
				BFC7799E113000D200F2D7A3 /* QTMovieViewBridge.m */,
				BFC77A601130250900F2D7A3 /* QTMovieViewBridge.h */,
				BFFC1177116ECD8E00BEEA82 /* QTKitCaptureSession.h */,
				BFFC1178116ECD8E00BEEA82 /* QTKitCaptureSession.m */,
				BFFC11BB116EDE4600BEEA82 /* QTKitCaptureDevice.h */,
				BFFC11BC116EDE4600BEEA82 /* QTKitCaptureDevice.m */,
				BFFC1355116EF34800BEEA82 /* QTKitCaptureDeviceInput.h */,
				BFFC1356116EF34900BEEA82 /* QTKitCaptureDeviceInput.m */,
				BFFC13CF116EFAE800BEEA82 /* QTCaptureViewBridge.h */,
				BFFC13D0116EFAE800BEEA82 /* QTCaptureViewBridge.m */,
				BFFC1412116F030200BEEA82 /* QTKitCaptureDecompressedVideoOutput.h */,
				BFFC1413116F030200BEEA82 /* QTKitCaptureDecompressedVideoOutput.m */,
				BFFC141D116F04B200BEEA82 /* QTKitCaptureDecompressedAudioOutput.h */,
				BFFC141E116F04B200BEEA82 /* QTKitCaptureDecompressedAudioOutput.m */,
			);
			path = native;
			sourceTree = "<group>";
		};
/* End PBXGroup section */

/* Begin PBXHeadersBuildPhase section */
		89D0F04C0F393AD9007831A7 /* Headers */ = {
			isa = PBXHeadersBuildPhase;
			buildActionMask = 2147483647;
			files = (
				BFC77906112FDFE900F2D7A3 /* net_mc_cubed_qtcubed_QTMovie.h in Headers */,
				BFC7799C1130009800F2D7A3 /* net_mc_cubed_qtcubed_QTMovieView.h in Headers */,
				BFC77A611130250900F2D7A3 /* QTMovieViewBridge.h in Headers */,
				BFFC1179116ECD8E00BEEA82 /* QTKitCaptureSession.h in Headers */,
				BFFC117D116ECDE100BEEA82 /* net_mc_cubed_qtcubed_QTKitCaptureSession.h in Headers */,
				BFFC11BD116EDE4600BEEA82 /* QTKitCaptureDevice.h in Headers */,
				BFFC11CA116EDF0500BEEA82 /* net_mc_cubed_qtcubed_QTKitCaptureConnection.h in Headers */,
				BFFC11CB116EDF0500BEEA82 /* net_mc_cubed_qtcubed_QTKitCaptureDecompressedAudioOutput.h in Headers */,
				BFFC11CC116EDF0500BEEA82 /* net_mc_cubed_qtcubed_QTKitCaptureDecompressedVideoOutput.h in Headers */,
				BFFC11CD116EDF0500BEEA82 /* net_mc_cubed_qtcubed_QTKitCaptureDevice.h in Headers */,
				BFFC11CE116EDF0500BEEA82 /* net_mc_cubed_qtcubed_QTKitCaptureDeviceInput.h in Headers */,
				BFFC11CF116EDF0500BEEA82 /* net_mc_cubed_qtcubed_QTKitCaptureInput.h in Headers */,
				BFFC11D0116EDF0500BEEA82 /* net_mc_cubed_qtcubed_QTKitCaptureOutput.h in Headers */,
				BFFC11D1116EDF0500BEEA82 /* net_mc_cubed_qtcubed_QTKitCaptureView.h in Headers */,
				BFFC11D2116EDF0500BEEA82 /* net_mc_cubed_qtcubed_QTKitCompressionOptions.h in Headers */,
				BFFC11D3116EDF0500BEEA82 /* net_mc_cubed_qtcubed_QTKitFormatDescription.h in Headers */,
				BFFC11D4116EDF0500BEEA82 /* net_mc_cubed_qtcubed_QTKitSampleBuffer.h in Headers */,
				BFFC1357116EF34900BEEA82 /* QTKitCaptureDeviceInput.h in Headers */,
				BFFC13D1116EFAE800BEEA82 /* QTCaptureViewBridge.h in Headers */,
				BFFC13DA116EFD4000BEEA82 /* net_mc_cubed_qtcubed_QTKitMovieView.h in Headers */,
				BFFC1414116F030200BEEA82 /* QTKitCaptureDecompressedVideoOutput.h in Headers */,
				BFFC141F116F04B200BEEA82 /* QTKitCaptureDecompressedAudioOutput.h in Headers */,
				BF98C1ED117301020059AA19 /* net_mc_cubed_qtcubed_QTKitMediaType.h in Headers */,
			);
			runOnlyForDeploymentPostprocessing = 0;
		};
/* End PBXHeadersBuildPhase section */

/* Begin PBXLegacyTarget section */
		89D0F0480F393A6F007831A7 /* Compile Java */ = {
			isa = PBXLegacyTarget;
			buildArgumentsString = "-e -f \"${SRCROOT}/make/build.xml\" -debug \"$ACTION\"";
			buildConfigurationList = 89D0F04B0F393AB7007831A7 /* Build configuration list for PBXLegacyTarget "Compile Java" */;
			buildPhases = (
			);
			buildToolPath = /usr/bin/ant;
			buildWorkingDirectory = "";
			dependencies = (
			);
			name = "Compile Java";
			passBuildSettingsInEnvironment = 1;
			productName = "Compile Java";
		};
/* End PBXLegacyTarget section */

/* Begin PBXNativeTarget section */
		89D0F04F0F393AD9007831A7 /* Compile Native */ = {
			isa = PBXNativeTarget;
			buildConfigurationList = 89D0F0530F393AF8007831A7 /* Build configuration list for PBXNativeTarget "Compile Native" */;
			buildPhases = (
				89D0F1360F394748007831A7 /* Run javah */,
				89D0F04C0F393AD9007831A7 /* Headers */,
				89D0F04D0F393AD9007831A7 /* Sources */,
				89D0F04E0F393AD9007831A7 /* Frameworks */,
				56E9FCDB113270A300570103 /* CopyFiles */,
			);
			buildRules = (
			);
			dependencies = (
			);
			name = "Compile Native";
			productName = "Compile Native";
			productReference = BFA701EE112EA91A00D5157A /* libQTCubed.jnilib */;
			productType = "com.apple.product-type.library.dynamic";
		};
		8D1107260486CEB800E47090 /* Assemble Application */ = {
			isa = PBXNativeTarget;
			buildConfigurationList = C01FCF4A08A954540054247B /* Build configuration list for PBXNativeTarget "Assemble Application" */;
			buildPhases = (
				89D0F0440F393070007831A7 /* Copy Executable */,
				89D0F11F0F394189007831A7 /* Copy Java Resources */,
				8D1107290486CEB800E47090 /* Resources */,
			);
			buildRules = (
			);
			dependencies = (
			);
			name = "Assemble Application";
			productInstallPath = "$(HOME)/Applications";
			productName = QTCubed;
			productReference = 8D1107320486CEB800E47090 /* QTCubed.app */;
			productType = "com.apple.product-type.application";
		};
/* End PBXNativeTarget section */

/* Begin PBXProject section */
		29B97313FDCFA39411CA2CEA /* Project object */ = {
			isa = PBXProject;
			buildConfigurationList = C01FCF4E08A954540054247B /* Build configuration list for PBXProject "QTCubed" */;
			compatibilityVersion = "Xcode 3.0";
			hasScannedForEncodings = 1;
			mainGroup = 29B97314FDCFA39411CA2CEA /* QTCubed */;
			projectDirPath = "";
			projectRoot = "";
			targets = (
				89D0F1C90F3B704E007831A7 /* QTCubed */,
				89D0F0480F393A6F007831A7 /* Compile Java */,
				89D0F04F0F393AD9007831A7 /* Compile Native */,
				8D1107260486CEB800E47090 /* Assemble Application */,
			);
		};
/* End PBXProject section */

/* Begin PBXResourcesBuildPhase section */
		8D1107290486CEB800E47090 /* Resources */ = {
			isa = PBXResourcesBuildPhase;
			buildActionMask = 2147483647;
			files = (
				89D0F0240F392F20007831A7 /* InfoPlist.strings in Resources */,
				89D0F1BF0F3B68AD007831A7 /* GenericApp.icns in Resources */,
				89C3F2920F5250A300B0048E /* Credits.rtf in Resources */,
			);
			runOnlyForDeploymentPostprocessing = 0;
		};
/* End PBXResourcesBuildPhase section */

/* Begin PBXShellScriptBuildPhase section */
		89D0F1360F394748007831A7 /* Run javah */ = {
			isa = PBXShellScriptBuildPhase;
			buildActionMask = 2147483647;
			files = (
			);
			inputPaths = (
			);
			name = "Run javah";
			outputPaths = (
			);
			runOnlyForDeploymentPostprocessing = 0;
			shellPath = /bin/sh;
			shellScript = "# find the jar file to dig into\nJAR_TO_JAVAH=\"${BUILT_PRODUCTS_DIR}/QTCubed.jar\"\n\n# use a helper script to list all classes inside the jar, and all classes referenced by those classes\nCLASS_LIST=`\"${SRCROOT}/make/find-classrefs.sh\" \"${JAR_TO_JAVAH}\" | xargs`\n\n# run javah for all classes inside the jar, and all classes referenced by those classes\njavah -verbose -jni -classpath \"${JAR_TO_JAVAH}:${SRCROOT}/lib/jmf.jar\" -d \"${DERIVED_SOURCES_DIR}\" ${CLASS_LIST}";
		};
/* End PBXShellScriptBuildPhase section */

/* Begin PBXSourcesBuildPhase section */
		89D0F04D0F393AD9007831A7 /* Sources */ = {
			isa = PBXSourcesBuildPhase;
			buildActionMask = 2147483647;
			files = (
				BF152CED112ED7BE008B4ECC /* QTMovieBridge.m in Sources */,
				BFC779A0113000D200F2D7A3 /* QTMovieViewBridge.m in Sources */,
				BFFC117A116ECD8E00BEEA82 /* QTKitCaptureSession.m in Sources */,
				BFFC11BE116EDE4600BEEA82 /* QTKitCaptureDevice.m in Sources */,
				BFFC1358116EF34900BEEA82 /* QTKitCaptureDeviceInput.m in Sources */,
				BFFC13D2116EFAE800BEEA82 /* QTCaptureViewBridge.m in Sources */,
				BFFC1415116F030200BEEA82 /* QTKitCaptureDecompressedVideoOutput.m in Sources */,
				BFFC1420116F04B200BEEA82 /* QTKitCaptureDecompressedAudioOutput.m in Sources */,
			);
			runOnlyForDeploymentPostprocessing = 0;
		};
/* End PBXSourcesBuildPhase section */

/* Begin PBXTargetDependency section */
		89D0F1CD0F3B7062007831A7 /* PBXTargetDependency */ = {
			isa = PBXTargetDependency;
			target = 8D1107260486CEB800E47090 /* Assemble Application */;
			targetProxy = 89D0F1CC0F3B7062007831A7 /* PBXContainerItemProxy */;
		};
		89D0F1CF0F3B7062007831A7 /* PBXTargetDependency */ = {
			isa = PBXTargetDependency;
			target = 89D0F04F0F393AD9007831A7 /* Compile Native */;
			targetProxy = 89D0F1CE0F3B7062007831A7 /* PBXContainerItemProxy */;
		};
		89D0F1D10F3B7062007831A7 /* PBXTargetDependency */ = {
			isa = PBXTargetDependency;
			target = 89D0F0480F393A6F007831A7 /* Compile Java */;
			targetProxy = 89D0F1D00F3B7062007831A7 /* PBXContainerItemProxy */;
		};
/* End PBXTargetDependency section */

/* Begin PBXVariantGroup section */
		89C3F2900F5250A300B0048E /* Credits.rtf */ = {
			isa = PBXVariantGroup;
			children = (
				89C3F2910F5250A300B0048E /* English */,
			);
			name = Credits.rtf;
			sourceTree = "<group>";
		};
		89D0F0210F392F20007831A7 /* InfoPlist.strings */ = {
			isa = PBXVariantGroup;
			children = (
				89D0F0220F392F20007831A7 /* English */,
			);
			name = InfoPlist.strings;
			sourceTree = "<group>";
		};
/* End PBXVariantGroup section */

/* Begin XCBuildConfiguration section */
		89D0F0490F393A6F007831A7 /* Debug */ = {
			isa = XCBuildConfiguration;
			buildSettings = {
				PRODUCT_NAME = QTCubed;
			};
			name = Debug;
		};
		89D0F04A0F393A6F007831A7 /* Release */ = {
			isa = XCBuildConfiguration;
			buildSettings = {
				PRODUCT_NAME = AddressBook;
			};
			name = Release;
		};
		89D0F0510F393ADA007831A7 /* Debug */ = {
			isa = XCBuildConfiguration;
			buildSettings = {
				COPY_PHASE_STRIP = NO;
				DYLIB_COMPATIBILITY_VERSION = 1;
				DYLIB_CURRENT_VERSION = 1;
				EXECUTABLE_EXTENSION = jnilib;
				EXECUTABLE_PREFIX = lib;
				FRAMEWORK_SEARCH_PATHS = (
					"$(inherited)",
					"\"$(SYSTEM_LIBRARY_DIR)/Frameworks/JavaVM.framework/Versions/A/Frameworks\"",
				);
				GCC_DYNAMIC_NO_PIC = NO;
				GCC_ENABLE_FIX_AND_CONTINUE = YES;
				GCC_MODEL_TUNING = G5;
				GCC_OPTIMIZATION_LEVEL = 0;
				GCC_PRECOMPILE_PREFIX_HEADER = YES;
				GCC_PREFIX_HEADER = "$(SYSTEM_LIBRARY_DIR)/Frameworks/AppKit.framework/Headers/AppKit.h";
				HEADER_SEARCH_PATHS = "\"$(SYSTEM_LIBRARY_DIR)/Frameworks/JavaVM.framework/Headers\"";
				INSTALL_PATH = /usr/local/lib;
				OTHER_LDFLAGS = (
					"-framework",
					Foundation,
					"-framework",
					AppKit,
				);
				PREBINDING = NO;
				PRODUCT_NAME = QTCubed;
			};
			name = Debug;
		};
		89D0F0520F393ADA007831A7 /* Release */ = {
			isa = XCBuildConfiguration;
			buildSettings = {
				COPY_PHASE_STRIP = YES;
				DEBUG_INFORMATION_FORMAT = "dwarf-with-dsym";
				DYLIB_COMPATIBILITY_VERSION = 1;
				DYLIB_CURRENT_VERSION = 1;
				EXECUTABLE_EXTENSION = jnilib;
				EXECUTABLE_PREFIX = lib;
				FRAMEWORK_SEARCH_PATHS = (
					"$(inherited)",
					"\"$(SYSTEM_LIBRARY_DIR)/Frameworks/JavaVM.framework/Versions/A/Frameworks\"",
				);
				GCC_ENABLE_FIX_AND_CONTINUE = NO;
				GCC_MODEL_TUNING = G5;
				GCC_PRECOMPILE_PREFIX_HEADER = YES;
				GCC_PREFIX_HEADER = "$(SYSTEM_LIBRARY_DIR)/Frameworks/AppKit.framework/Headers/AppKit.h";
				HEADER_SEARCH_PATHS = "\"$(SYSTEM_LIBRARY_DIR)/Frameworks/JavaVM.framework/Headers\"";
				INSTALL_PATH = /usr/local/lib;
				OTHER_LDFLAGS = (
					"-framework",
					Foundation,
					"-framework",
					AppKit,
				);
				PREBINDING = NO;
				PRODUCT_NAME = QTCubed;
			};
			name = Release;
		};
		89D0F1CA0F3B704F007831A7 /* Debug */ = {
			isa = XCBuildConfiguration;
			buildSettings = {
				PRODUCT_NAME = QTCubed;
			};
			name = Debug;
		};
		89D0F1CB0F3B704F007831A7 /* Release */ = {
			isa = XCBuildConfiguration;
			buildSettings = {
				PRODUCT_NAME = QTCubed;
			};
			name = Release;
		};
		C01FCF4B08A954540054247B /* Debug */ = {
			isa = XCBuildConfiguration;
			buildSettings = {
				COPY_PHASE_STRIP = NO;
				INFOPLIST_FILE = resources/Info.plist;
				INSTALL_PATH = "$(HOME)/Applications";
				PRODUCT_NAME = QTCubed;
				WRAPPER_EXTENSION = app;
			};
			name = Debug;
		};
		C01FCF4C08A954540054247B /* Release */ = {
			isa = XCBuildConfiguration;
			buildSettings = {
				DEBUG_INFORMATION_FORMAT = "dwarf-with-dsym";
				INFOPLIST_FILE = resources/Info.plist;
				INSTALL_PATH = "$(HOME)/Applications";
				PRODUCT_NAME = QTCubed;
				WRAPPER_EXTENSION = app;
			};
			name = Release;
		};
		C01FCF4F08A954540054247B /* Debug */ = {
			isa = XCBuildConfiguration;
			buildSettings = {
				ARCHS = "$(ARCHS_STANDARD_32_64_BIT_PRE_XCODE_3_1)";
				ARCHS_STANDARD_32_64_BIT_PRE_XCODE_3_1 = "x86_64 i386 ppc";
				GCC_C_LANGUAGE_STANDARD = gnu99;
				GCC_OPTIMIZATION_LEVEL = 0;
				GCC_WARN_ABOUT_RETURN_TYPE = YES;
				GCC_WARN_UNUSED_VARIABLE = YES;
				PREBINDING = NO;
			};
			name = Debug;
		};
		C01FCF5008A954540054247B /* Release */ = {
			isa = XCBuildConfiguration;
			buildSettings = {
				ARCHS = "$(ARCHS_STANDARD_32_64_BIT_PRE_XCODE_3_1)";
				ARCHS_STANDARD_32_64_BIT_PRE_XCODE_3_1 = "x86_64 i386 ppc";
				GCC_C_LANGUAGE_STANDARD = gnu99;
				GCC_WARN_ABOUT_RETURN_TYPE = YES;
				GCC_WARN_UNUSED_VARIABLE = YES;
				PREBINDING = NO;
			};
			name = Release;
		};
/* End XCBuildConfiguration section */

/* Begin XCConfigurationList section */
		89D0F04B0F393AB7007831A7 /* Build configuration list for PBXLegacyTarget "Compile Java" */ = {
			isa = XCConfigurationList;
			buildConfigurations = (
				89D0F0490F393A6F007831A7 /* Debug */,
				89D0F04A0F393A6F007831A7 /* Release */,
			);
			defaultConfigurationIsVisible = 0;
			defaultConfigurationName = Release;
		};
		89D0F0530F393AF8007831A7 /* Build configuration list for PBXNativeTarget "Compile Native" */ = {
			isa = XCConfigurationList;
			buildConfigurations = (
				89D0F0510F393ADA007831A7 /* Debug */,
				89D0F0520F393ADA007831A7 /* Release */,
			);
			defaultConfigurationIsVisible = 0;
			defaultConfigurationName = Release;
		};
		89D0F1D20F3B7080007831A7 /* Build configuration list for PBXAggregateTarget "QTCubed" */ = {
			isa = XCConfigurationList;
			buildConfigurations = (
				89D0F1CA0F3B704F007831A7 /* Debug */,
				89D0F1CB0F3B704F007831A7 /* Release */,
			);
			defaultConfigurationIsVisible = 0;
			defaultConfigurationName = Release;
		};
		C01FCF4A08A954540054247B /* Build configuration list for PBXNativeTarget "Assemble Application" */ = {
			isa = XCConfigurationList;
			buildConfigurations = (
				C01FCF4B08A954540054247B /* Debug */,
				C01FCF4C08A954540054247B /* Release */,
			);
			defaultConfigurationIsVisible = 0;
			defaultConfigurationName = Release;
		};
		C01FCF4E08A954540054247B /* Build configuration list for PBXProject "QTCubed" */ = {
			isa = XCConfigurationList;
			buildConfigurations = (
				C01FCF4F08A954540054247B /* Debug */,
				C01FCF5008A954540054247B /* Release */,
			);
			defaultConfigurationIsVisible = 0;
			defaultConfigurationName = Release;
		};
/* End XCConfigurationList section */
	};
	rootObject = 29B97313FDCFA39411CA2CEA /* Project object */;
}
