// !$*UTF8*$!
{
	archiveVersion = 1;
	classes = {
	};
	objectVersion = 46;
	objects = {

/* Begin PBXAggregateTarget section */
		89D0F1C90F3B704E007831A7 /* QTCubed */ = {
			isa = PBXAggregateTarget;
			buildConfigurationList = 89D0F1D20F3B7080007831A7 /* Build configuration list for PBXAggregateTarget "QTCubed" */;
			buildPhases = (
			);
			dependencies = (
				89D0F1D10F3B7062007831A7 /* PBXTargetDependency */,
				89D0F1CF0F3B7062007831A7 /* PBXTargetDependency */,
				BF44E86C11859AC200F308F1 /* PBXTargetDependency */,
				89D0F1CD0F3B7062007831A7 /* PBXTargetDependency */,
			);
			name = QTCubed;
			productName = QTCubed;
		};
/* End PBXAggregateTarget section */

/* Begin PBXBuildFile section */
		56E9FCDC113270D100570103 /* libQTCubed.jnilib in CopyFiles */ = {isa = PBXBuildFile; fileRef = BFA701EE112EA91A00D5157A /* libQTCubed.jnilib */; };
		89C3F2920F5250A300B0048E /* Credits.rtf in Resources */ = {isa = PBXBuildFile; fileRef = 89C3F2900F5250A300B0048E /* Credits.rtf */; };
		89D0F0240F392F20007831A7 /* InfoPlist.strings in Resources */ = {isa = PBXBuildFile; fileRef = 89D0F0210F392F20007831A7 /* InfoPlist.strings */; };
		89D0F0410F39306C007831A7 /* JavaApplicationStub in Copy Executable */ = {isa = PBXBuildFile; fileRef = 89D0F03E0F39304A007831A7 /* JavaApplicationStub */; };
		89D0F05C0F39404F007831A7 /* Cocoa.framework in Frameworks */ = {isa = PBXBuildFile; fileRef = 1058C7A1FEA54F0111CA2CBB /* Cocoa.framework */; };
		89D0F0850F394066007831A7 /* JavaNativeFoundation.framework in Frameworks */ = {isa = PBXBuildFile; fileRef = 89D0F0840F394066007831A7 /* JavaNativeFoundation.framework */; };
		89D0F1870F3A2442007831A7 /* JavaVM.framework in Frameworks */ = {isa = PBXBuildFile; fileRef = 89D0F1860F3A2442007831A7 /* JavaVM.framework */; };
		BF05F5AB1186CDC60027D4A3 /* EncodingServer in CopyFiles */ = {isa = PBXBuildFile; fileRef = BF44E7BD1185880A00F308F1 /* EncodingServer */; };
		BF05F5AC1186CDCA0027D4A3 /* QTCubed.jar in CopyFiles */ = {isa = PBXBuildFile; fileRef = BFC77B1E11310CC100F2D7A3 /* QTCubed.jar */; };
		BF152CED112ED7BE008B4ECC /* QTMovieBridge.m in Sources */ = {isa = PBXBuildFile; fileRef = BFA7033E112EABF100D5157A /* QTMovieBridge.m */; };
		BF3329161181341C00A39409 /* AudioToolbox.framework in Frameworks */ = {isa = PBXBuildFile; fileRef = BF3328F01181340A00A39409 /* AudioToolbox.framework */; };
		BF3329171181341C00A39409 /* AudioUnit.framework in Frameworks */ = {isa = PBXBuildFile; fileRef = BF3328F11181340A00A39409 /* AudioUnit.framework */; };
		BF33293F118134C200A39409 /* QTKitCaptureAudioDataOutput.h in Headers */ = {isa = PBXBuildFile; fileRef = BF33293D118134C200A39409 /* QTKitCaptureAudioDataOutput.h */; };
		BF332940118134C200A39409 /* QTKitCaptureAudioDataOutput.m in Sources */ = {isa = PBXBuildFile; fileRef = BF33293E118134C200A39409 /* QTKitCaptureAudioDataOutput.m */; };
		BF3329451181350C00A39409 /* net_mc_cubed_qtcubed_QTKitCaptureAudioDataOutput.h in Headers */ = {isa = PBXBuildFile; fileRef = BF3329441181350C00A39409 /* net_mc_cubed_qtcubed_QTKitCaptureAudioDataOutput.h */; };
		BF3770C71175AB84008EB949 /* jmf.jar in Frameworks */ = {isa = PBXBuildFile; fileRef = BF3770C61175AB83008EB949 /* jmf.jar */; };
		BF3770C81175AB88008EB949 /* jmf.jar in Copy Java Resources */ = {isa = PBXBuildFile; fileRef = BF3770C61175AB83008EB949 /* jmf.jar */; };
		BF3771301175B20A008EB949 /* icon.icns in Resources */ = {isa = PBXBuildFile; fileRef = BF37712D1175B1CD008EB949 /* icon.icns */; };
		BF440351120120030017F443 /* junit.jar in Frameworks */ = {isa = PBXBuildFile; fileRef = BF440350120120030017F443 /* junit.jar */; };
		BF44E779118583C700F308F1 /* EncodingServerMain.h in Headers */ = {isa = PBXBuildFile; fileRef = BF44E777118583C700F308F1 /* EncodingServerMain.h */; };
		BF44E7C21185882F00F308F1 /* EncodingServerMain.m in Sources */ = {isa = PBXBuildFile; fileRef = BF44E778118583C700F308F1 /* EncodingServerMain.m */; };
		BF44E7C31185884700F308F1 /* QuickTime.framework in Frameworks */ = {isa = PBXBuildFile; fileRef = BF98C14C1172EFA50059AA19 /* QuickTime.framework */; };
		BF44E7C41185884700F308F1 /* CoreVideo.framework in Frameworks */ = {isa = PBXBuildFile; fileRef = BF76209E11744AA90016952D /* CoreVideo.framework */; };
		BF44E7C51185884700F308F1 /* QTKit.framework in Frameworks */ = {isa = PBXBuildFile; fileRef = BFA701CC112EA8E400D5157A /* QTKit.framework */; };
		BF44E7C61185884700F308F1 /* Cocoa.framework in Frameworks */ = {isa = PBXBuildFile; fileRef = 1058C7A1FEA54F0111CA2CBB /* Cocoa.framework */; };
		BF44E7C71185884700F308F1 /* JavaVM.framework in Frameworks */ = {isa = PBXBuildFile; fileRef = 89D0F1860F3A2442007831A7 /* JavaVM.framework */; };
		BF44E7C81185884700F308F1 /* JavaNativeFoundation.framework in Frameworks */ = {isa = PBXBuildFile; fileRef = 89D0F0840F394066007831A7 /* JavaNativeFoundation.framework */; };
		BF44E7C91185884700F308F1 /* CoreAudio.framework in Frameworks */ = {isa = PBXBuildFile; fileRef = BF0DAD601177FEC80033A77E /* CoreAudio.framework */; };
		BF44E7CA1185884700F308F1 /* AudioToolbox.framework in Frameworks */ = {isa = PBXBuildFile; fileRef = BF3328F01181340A00A39409 /* AudioToolbox.framework */; };
		BF44E7CB1185884700F308F1 /* AudioUnit.framework in Frameworks */ = {isa = PBXBuildFile; fileRef = BF3328F11181340A00A39409 /* AudioUnit.framework */; };
		BF44E80F1185932C00F308F1 /* QTCodecProtocol.h in Headers */ = {isa = PBXBuildFile; fileRef = BF44E80E1185932C00F308F1 /* QTCodecProtocol.h */; };
		BF44E8101185936C00F308F1 /* QTCodec.m in Sources */ = {isa = PBXBuildFile; fileRef = BF57FD121176F21F003E7A8E /* QTCodec.m */; };
		BF44E81A118593D000F308F1 /* QTCodecBridge.m in Sources */ = {isa = PBXBuildFile; fileRef = BF44E819118593D000F308F1 /* QTCodecBridge.m */; };
		BF44E8461185962A00F308F1 /* net_mc_cubed_QTCubed.h in Headers */ = {isa = PBXBuildFile; fileRef = BF44E8451185962A00F308F1 /* net_mc_cubed_QTCubed.h */; };
		BF44E8481185966A00F308F1 /* QTCubed.m in Sources */ = {isa = PBXBuildFile; fileRef = BF44E8471185966A00F308F1 /* QTCubed.m */; };
		BF44E86811859AA800F308F1 /* EncodingServer in Copy Java Resources */ = {isa = PBXBuildFile; fileRef = BF44E7BD1185880A00F308F1 /* EncodingServer */; };
		BF57FBEB1176BD19003E7A8E /* mediaplayer.jar in Frameworks */ = {isa = PBXBuildFile; fileRef = BF57FBEA1176BD19003E7A8E /* mediaplayer.jar */; };
		BF57FBEC1176BD1C003E7A8E /* mediaplayer.jar in Copy Java Resources */ = {isa = PBXBuildFile; fileRef = BF57FBEA1176BD19003E7A8E /* mediaplayer.jar */; };
		BF57FD101176F1F4003E7A8E /* net_mc_cubed_qtcubed_media_codec_QTCodec.h in Headers */ = {isa = PBXBuildFile; fileRef = BF57FD0F1176F1F4003E7A8E /* net_mc_cubed_qtcubed_media_codec_QTCodec.h */; };
		BF57FD131176F21F003E7A8E /* QTCodec.h in Headers */ = {isa = PBXBuildFile; fileRef = BF57FD111176F21F003E7A8E /* QTCodec.h */; };
		BF57FD141176F21F003E7A8E /* QTCodec.m in Sources */ = {isa = PBXBuildFile; fileRef = BF57FD121176F21F003E7A8E /* QTCodec.m */; };
		BF76212111744B560016952D /* QuickTime.framework in Frameworks */ = {isa = PBXBuildFile; fileRef = BF98C14C1172EFA50059AA19 /* QuickTime.framework */; settings = {ATTRIBUTES = (Weak, ); }; };
		BF76212211744B560016952D /* CoreVideo.framework in Frameworks */ = {isa = PBXBuildFile; fileRef = BF76209E11744AA90016952D /* CoreVideo.framework */; };
		BF7623411174D1CC0016952D /* CoreFoundation.framework in Frameworks */ = {isa = PBXBuildFile; fileRef = BF76233E1174D1C40016952D /* CoreFoundation.framework */; };
		BF78591B112EDDC70064262B /* AppKit.framework in Frameworks */ = {isa = PBXBuildFile; fileRef = 29B97324FDCFA39411CA2CEA /* AppKit.framework */; };
		BFA701CD112EA8E400D5157A /* QTKit.framework in Frameworks */ = {isa = PBXBuildFile; fileRef = BFA701CC112EA8E400D5157A /* QTKit.framework */; };
		BFC77906112FDFE900F2D7A3 /* net_mc_cubed_qtcubed_QTMovie.h in Headers */ = {isa = PBXBuildFile; fileRef = BFC77905112FDFE900F2D7A3 /* net_mc_cubed_qtcubed_QTMovie.h */; };
		BFC7799C1130009800F2D7A3 /* net_mc_cubed_qtcubed_QTMovieView.h in Headers */ = {isa = PBXBuildFile; fileRef = BFC7799B1130009700F2D7A3 /* net_mc_cubed_qtcubed_QTMovieView.h */; };
		BFC779A0113000D200F2D7A3 /* QTMovieViewBridge.m in Sources */ = {isa = PBXBuildFile; fileRef = BFC7799E113000D200F2D7A3 /* QTMovieViewBridge.m */; };
		BFC77A611130250900F2D7A3 /* QTMovieViewBridge.h in Headers */ = {isa = PBXBuildFile; fileRef = BFC77A601130250900F2D7A3 /* QTMovieViewBridge.h */; };
		BFC77B1D11310CB000F2D7A3 /* libQTCubed.jnilib in Copy Java Resources */ = {isa = PBXBuildFile; fileRef = BFA701EE112EA91A00D5157A /* libQTCubed.jnilib */; };
		BFC77B1F11310CC800F2D7A3 /* QTCubed.jar in Copy Java Resources */ = {isa = PBXBuildFile; fileRef = BFC77B1E11310CC100F2D7A3 /* QTCubed.jar */; };
		BFD0E36511A12270002880E1 /* net_mc_cubed_qtcubed_QTKitMovieImpl.h in Headers */ = {isa = PBXBuildFile; fileRef = BFD0E36411A12270002880E1 /* net_mc_cubed_qtcubed_QTKitMovieImpl.h */; };
		BFFC1179116ECD8E00BEEA82 /* QTKitCaptureSession.h in Headers */ = {isa = PBXBuildFile; fileRef = BFFC1177116ECD8E00BEEA82 /* QTKitCaptureSession.h */; };
		BFFC117A116ECD8E00BEEA82 /* QTKitCaptureSession.m in Sources */ = {isa = PBXBuildFile; fileRef = BFFC1178116ECD8E00BEEA82 /* QTKitCaptureSession.m */; };
		BFFC117D116ECDE100BEEA82 /* net_mc_cubed_qtcubed_QTKitCaptureSession.h in Headers */ = {isa = PBXBuildFile; fileRef = BFFC117C116ECDE100BEEA82 /* net_mc_cubed_qtcubed_QTKitCaptureSession.h */; };
		BFFC11BD116EDE4600BEEA82 /* QTKitCaptureDevice.h in Headers */ = {isa = PBXBuildFile; fileRef = BFFC11BB116EDE4600BEEA82 /* QTKitCaptureDevice.h */; };
		BFFC11BE116EDE4600BEEA82 /* QTKitCaptureDevice.m in Sources */ = {isa = PBXBuildFile; fileRef = BFFC11BC116EDE4600BEEA82 /* QTKitCaptureDevice.m */; };
		BFFC11CA116EDF0500BEEA82 /* net_mc_cubed_qtcubed_QTKitCaptureConnection.h in Headers */ = {isa = PBXBuildFile; fileRef = BFFC11BF116EDF0500BEEA82 /* net_mc_cubed_qtcubed_QTKitCaptureConnection.h */; };
		BFFC11CB116EDF0500BEEA82 /* net_mc_cubed_qtcubed_QTKitCaptureDecompressedAudioOutput.h in Headers */ = {isa = PBXBuildFile; fileRef = BFFC11C0116EDF0500BEEA82 /* net_mc_cubed_qtcubed_QTKitCaptureDecompressedAudioOutput.h */; };
		BFFC11CC116EDF0500BEEA82 /* net_mc_cubed_qtcubed_QTKitCaptureDecompressedVideoOutput.h in Headers */ = {isa = PBXBuildFile; fileRef = BFFC11C1116EDF0500BEEA82 /* net_mc_cubed_qtcubed_QTKitCaptureDecompressedVideoOutput.h */; };
		BFFC11CD116EDF0500BEEA82 /* net_mc_cubed_qtcubed_QTKitCaptureDevice.h in Headers */ = {isa = PBXBuildFile; fileRef = BFFC11C2116EDF0500BEEA82 /* net_mc_cubed_qtcubed_QTKitCaptureDevice.h */; };
		BFFC11CE116EDF0500BEEA82 /* net_mc_cubed_qtcubed_QTKitCaptureDeviceInput.h in Headers */ = {isa = PBXBuildFile; fileRef = BFFC11C3116EDF0500BEEA82 /* net_mc_cubed_qtcubed_QTKitCaptureDeviceInput.h */; };
		BFFC11CF116EDF0500BEEA82 /* net_mc_cubed_qtcubed_QTKitCaptureInput.h in Headers */ = {isa = PBXBuildFile; fileRef = BFFC11C4116EDF0500BEEA82 /* net_mc_cubed_qtcubed_QTKitCaptureInput.h */; };
		BFFC11D0116EDF0500BEEA82 /* net_mc_cubed_qtcubed_QTKitCaptureOutput.h in Headers */ = {isa = PBXBuildFile; fileRef = BFFC11C5116EDF0500BEEA82 /* net_mc_cubed_qtcubed_QTKitCaptureOutput.h */; };
		BFFC11D1116EDF0500BEEA82 /* net_mc_cubed_qtcubed_QTKitCaptureView.h in Headers */ = {isa = PBXBuildFile; fileRef = BFFC11C6116EDF0500BEEA82 /* net_mc_cubed_qtcubed_QTKitCaptureView.h */; };
		BFFC1357116EF34900BEEA82 /* QTKitCaptureDeviceInput.h in Headers */ = {isa = PBXBuildFile; fileRef = BFFC1355116EF34800BEEA82 /* QTKitCaptureDeviceInput.h */; };
		BFFC1358116EF34900BEEA82 /* QTKitCaptureDeviceInput.m in Sources */ = {isa = PBXBuildFile; fileRef = BFFC1356116EF34900BEEA82 /* QTKitCaptureDeviceInput.m */; };
		BFFC13D1116EFAE800BEEA82 /* QTCaptureViewBridge.h in Headers */ = {isa = PBXBuildFile; fileRef = BFFC13CF116EFAE800BEEA82 /* QTCaptureViewBridge.h */; };
		BFFC13D2116EFAE800BEEA82 /* QTCaptureViewBridge.m in Sources */ = {isa = PBXBuildFile; fileRef = BFFC13D0116EFAE800BEEA82 /* QTCaptureViewBridge.m */; };
		BFFC13DA116EFD4000BEEA82 /* net_mc_cubed_qtcubed_QTKitMovieView.h in Headers */ = {isa = PBXBuildFile; fileRef = BFFC13D9116EFD4000BEEA82 /* net_mc_cubed_qtcubed_QTKitMovieView.h */; };
		BFFC1414116F030200BEEA82 /* QTKitCaptureDecompressedVideoOutput.h in Headers */ = {isa = PBXBuildFile; fileRef = BFFC1412116F030200BEEA82 /* QTKitCaptureDecompressedVideoOutput.h */; };
		BFFC1415116F030200BEEA82 /* QTKitCaptureDecompressedVideoOutput.m in Sources */ = {isa = PBXBuildFile; fileRef = BFFC1413116F030200BEEA82 /* QTKitCaptureDecompressedVideoOutput.m */; };
		BFFC141F116F04B200BEEA82 /* QTKitCaptureDecompressedAudioOutput.h in Headers */ = {isa = PBXBuildFile; fileRef = BFFC141D116F04B200BEEA82 /* QTKitCaptureDecompressedAudioOutput.h */; };
		BFFC1420116F04B200BEEA82 /* QTKitCaptureDecompressedAudioOutput.m in Sources */ = {isa = PBXBuildFile; fileRef = BFFC141E116F04B200BEEA82 /* QTKitCaptureDecompressedAudioOutput.m */; };
/* End PBXBuildFile section */

/* Begin PBXContainerItemProxy section */
		89D0F1CC0F3B7062007831A7 /* PBXContainerItemProxy */ = {
			isa = PBXContainerItemProxy;
			containerPortal = 29B97313FDCFA39411CA2CEA /* Project object */;
			proxyType = 1;
			remoteGlobalIDString = 8D1107260486CEB800E47090;
			remoteInfo = "Assemble Application";
		};
		89D0F1CE0F3B7062007831A7 /* PBXContainerItemProxy */ = {
			isa = PBXContainerItemProxy;
			containerPortal = 29B97313FDCFA39411CA2CEA /* Project object */;
			proxyType = 1;
			remoteGlobalIDString = 89D0F04F0F393AD9007831A7;
			remoteInfo = "Compile Native";
		};
		89D0F1D00F3B7062007831A7 /* PBXContainerItemProxy */ = {
			isa = PBXContainerItemProxy;
			containerPortal = 29B97313FDCFA39411CA2CEA /* Project object */;
			proxyType = 1;
			remoteGlobalIDString = 89D0F0480F393A6F007831A7;
			remoteInfo = "Compile Java";
		};
		BF4404001201330D0017F443 /* PBXContainerItemProxy */ = {
			isa = PBXContainerItemProxy;
			containerPortal = 29B97313FDCFA39411CA2CEA /* Project object */;
			proxyType = 1;
			remoteGlobalIDString = 8D1107260486CEB800E47090;
			remoteInfo = "Assemble Application";
		};
		BF44E86B11859AC200F308F1 /* PBXContainerItemProxy */ = {
			isa = PBXContainerItemProxy;
			containerPortal = 29B97313FDCFA39411CA2CEA /* Project object */;
			proxyType = 1;
			remoteGlobalIDString = BF44E7BC1185880A00F308F1;
			remoteInfo = EncodingServer;
		};
		BFF56A1B1186DAFA007F75F1 /* PBXContainerItemProxy */ = {
			isa = PBXContainerItemProxy;
			containerPortal = 29B97313FDCFA39411CA2CEA /* Project object */;
			proxyType = 1;
			remoteGlobalIDString = BF44E7BC1185880A00F308F1;
			remoteInfo = EncodingServer;
		};
/* End PBXContainerItemProxy section */

/* Begin PBXCopyFilesBuildPhase section */
		56E9FCDB113270A300570103 /* CopyFiles */ = {
			isa = PBXCopyFilesBuildPhase;
			buildActionMask = 12;
			dstPath = /Library/Java/Extensions;
			dstSubfolderSpec = 0;
			files = (
				BF05F5AC1186CDCA0027D4A3 /* QTCubed.jar in CopyFiles */,
				BF05F5AB1186CDC60027D4A3 /* EncodingServer in CopyFiles */,
				56E9FCDC113270D100570103 /* libQTCubed.jnilib in CopyFiles */,
			);
			runOnlyForDeploymentPostprocessing = 0;
		};
		89D0F0440F393070007831A7 /* Copy Executable */ = {
			isa = PBXCopyFilesBuildPhase;
			buildActionMask = 2147483647;
			dstPath = "";
			dstSubfolderSpec = 6;
			files = (
				89D0F0410F39306C007831A7 /* JavaApplicationStub in Copy Executable */,
			);
			name = "Copy Executable";
			runOnlyForDeploymentPostprocessing = 0;
		};
		89D0F11F0F394189007831A7 /* Copy Java Resources */ = {
			isa = PBXCopyFilesBuildPhase;
			buildActionMask = 2147483647;
			dstPath = "";
			dstSubfolderSpec = 15;
			files = (
				BF44E86811859AA800F308F1 /* EncodingServer in Copy Java Resources */,
				BF57FBEC1176BD1C003E7A8E /* mediaplayer.jar in Copy Java Resources */,
				BF3770C81175AB88008EB949 /* jmf.jar in Copy Java Resources */,
				BFC77B1F11310CC800F2D7A3 /* QTCubed.jar in Copy Java Resources */,
				BFC77B1D11310CB000F2D7A3 /* libQTCubed.jnilib in Copy Java Resources */,
			);
			name = "Copy Java Resources";
			runOnlyForDeploymentPostprocessing = 0;
		};
/* End PBXCopyFilesBuildPhase section */

/* Begin PBXFileReference section */
		1058C7A1FEA54F0111CA2CBB /* Cocoa.framework */ = {isa = PBXFileReference; lastKnownFileType = wrapper.framework; name = Cocoa.framework; path = /System/Library/Frameworks/Cocoa.framework; sourceTree = "<absolute>"; };
		29B97324FDCFA39411CA2CEA /* AppKit.framework */ = {isa = PBXFileReference; lastKnownFileType = wrapper.framework; name = AppKit.framework; path = /System/Library/Frameworks/AppKit.framework; sourceTree = "<absolute>"; };
		29B97325FDCFA39411CA2CEA /* Foundation.framework */ = {isa = PBXFileReference; lastKnownFileType = wrapper.framework; name = Foundation.framework; path = /System/Library/Frameworks/Foundation.framework; sourceTree = "<absolute>"; };
		89C3F2910F5250A300B0048E /* English */ = {isa = PBXFileReference; lastKnownFileType = text.rtf; name = English; path = English.lproj/Credits.rtf; sourceTree = "<group>"; };
		89D0F0220F392F20007831A7 /* English */ = {isa = PBXFileReference; fileEncoding = 10; lastKnownFileType = text.plist.strings; name = English; path = English.lproj/InfoPlist.strings; sourceTree = "<group>"; };
		89D0F0230F392F20007831A7 /* Info.plist */ = {isa = PBXFileReference; fileEncoding = 4; lastKnownFileType = text.plist.xml; path = Info.plist; sourceTree = "<group>"; };
		89D0F0290F392F56007831A7 /* java */ = {isa = PBXFileReference; lastKnownFileType = folder; path = java; sourceTree = "<group>"; };
		89D0F03E0F39304A007831A7 /* JavaApplicationStub */ = {isa = PBXFileReference; lastKnownFileType = "compiled.mach-o.executable"; name = JavaApplicationStub; path = /System/Library/Frameworks/JavaVM.framework/Versions/A/Resources/MacOS/JavaApplicationStub; sourceTree = "<absolute>"; };
		89D0F0840F394066007831A7 /* JavaNativeFoundation.framework */ = {isa = PBXFileReference; lastKnownFileType = wrapper.framework; name = JavaNativeFoundation.framework; path = /System/Library/Frameworks/JavaVM.framework/Versions/A/Frameworks/JavaNativeFoundation.framework; sourceTree = "<absolute>"; };
		89D0F1390F3948A9007831A7 /* make */ = {isa = PBXFileReference; lastKnownFileType = folder; path = make; sourceTree = "<group>"; };
		89D0F1860F3A2442007831A7 /* JavaVM.framework */ = {isa = PBXFileReference; lastKnownFileType = wrapper.framework; name = JavaVM.framework; path = /System/Library/Frameworks/JavaVM.framework; sourceTree = "<absolute>"; };
		8D1107320486CEB800E47090 /* QTCubed.app */ = {isa = PBXFileReference; explicitFileType = wrapper.application; includeInIndex = 0; path = QTCubed.app; sourceTree = BUILT_PRODUCTS_DIR; };
		BF043E98115CB90D00B0B8A8 /* lib */ = {isa = PBXFileReference; lastKnownFileType = folder; path = lib; sourceTree = "<group>"; };
		BF0DAD601177FEC80033A77E /* CoreAudio.framework */ = {isa = PBXFileReference; lastKnownFileType = wrapper.framework; name = CoreAudio.framework; path = /System/Library/Frameworks/CoreAudio.framework; sourceTree = "<absolute>"; };
		BF3328F01181340A00A39409 /* AudioToolbox.framework */ = {isa = PBXFileReference; lastKnownFileType = wrapper.framework; name = AudioToolbox.framework; path = /System/Library/Frameworks/AudioToolbox.framework; sourceTree = "<absolute>"; };
		BF3328F11181340A00A39409 /* AudioUnit.framework */ = {isa = PBXFileReference; lastKnownFileType = wrapper.framework; name = AudioUnit.framework; path = /System/Library/Frameworks/AudioUnit.framework; sourceTree = "<absolute>"; };
		BF33293D118134C200A39409 /* QTKitCaptureAudioDataOutput.h */ = {isa = PBXFileReference; fileEncoding = 4; lastKnownFileType = sourcecode.c.h; path = QTKitCaptureAudioDataOutput.h; sourceTree = "<group>"; };
		BF33293E118134C200A39409 /* QTKitCaptureAudioDataOutput.m */ = {isa = PBXFileReference; fileEncoding = 4; lastKnownFileType = sourcecode.c.objc; path = QTKitCaptureAudioDataOutput.m; sourceTree = "<group>"; };
		BF3329441181350C00A39409 /* net_mc_cubed_qtcubed_QTKitCaptureAudioDataOutput.h */ = {isa = PBXFileReference; fileEncoding = 4; lastKnownFileType = sourcecode.c.h; name = net_mc_cubed_qtcubed_QTKitCaptureAudioDataOutput.h; path = "build/QTCubed.build/Debug/Compile Native.build/DerivedSources/net_mc_cubed_qtcubed_QTKitCaptureAudioDataOutput.h"; sourceTree = "<group>"; };
		BF3770C61175AB83008EB949 /* jmf.jar */ = {isa = PBXFileReference; lastKnownFileType = archive.jar; name = jmf.jar; path = lib/jmf.jar; sourceTree = SOURCE_ROOT; };
		BF37712D1175B1CD008EB949 /* icon.icns */ = {isa = PBXFileReference; lastKnownFileType = image.icns; path = icon.icns; sourceTree = "<group>"; };
		BF440350120120030017F443 /* junit.jar */ = {isa = PBXFileReference; lastKnownFileType = archive.jar; name = junit.jar; path = lib/junit.jar; sourceTree = SOURCE_ROOT; };
		BF44E67C1185681A00F308F1 /* QuartzCore.framework */ = {isa = PBXFileReference; lastKnownFileType = wrapper.framework; name = QuartzCore.framework; path = /System/Library/Frameworks/QuartzCore.framework; sourceTree = "<absolute>"; };
		BF44E773118583A200F308F1 /* EncodingServer-Info.plist */ = {isa = PBXFileReference; lastKnownFileType = text.plist.xml; name = "EncodingServer-Info.plist"; path = "../EncodingServer-Info.plist"; sourceTree = "<group>"; };
		BF44E777118583C700F308F1 /* EncodingServerMain.h */ = {isa = PBXFileReference; fileEncoding = 4; lastKnownFileType = sourcecode.c.h; path = EncodingServerMain.h; sourceTree = "<group>"; };
		BF44E778118583C700F308F1 /* EncodingServerMain.m */ = {isa = PBXFileReference; fileEncoding = 4; lastKnownFileType = sourcecode.c.objc; path = EncodingServerMain.m; sourceTree = "<group>"; };
		BF44E7BD1185880A00F308F1 /* EncodingServer */ = {isa = PBXFileReference; explicitFileType = "compiled.mach-o.executable"; includeInIndex = 0; path = EncodingServer; sourceTree = BUILT_PRODUCTS_DIR; };
		BF44E80E1185932C00F308F1 /* QTCodecProtocol.h */ = {isa = PBXFileReference; fileEncoding = 4; lastKnownFileType = sourcecode.c.h; path = QTCodecProtocol.h; sourceTree = "<group>"; };
		BF44E819118593D000F308F1 /* QTCodecBridge.m */ = {isa = PBXFileReference; fileEncoding = 4; lastKnownFileType = sourcecode.c.objc; path = QTCodecBridge.m; sourceTree = "<group>"; };
		BF44E8451185962A00F308F1 /* net_mc_cubed_QTCubed.h */ = {isa = PBXFileReference; fileEncoding = 4; lastKnownFileType = sourcecode.c.h; name = net_mc_cubed_QTCubed.h; path = "build/QTCubed.build/Debug/Compile Native.build/DerivedSources/net_mc_cubed_QTCubed.h"; sourceTree = "<group>"; };
		BF44E8471185966A00F308F1 /* QTCubed.m */ = {isa = PBXFileReference; fileEncoding = 4; lastKnownFileType = sourcecode.c.objc; path = QTCubed.m; sourceTree = "<group>"; };
		BF57FBEA1176BD19003E7A8E /* mediaplayer.jar */ = {isa = PBXFileReference; lastKnownFileType = archive.jar; name = mediaplayer.jar; path = lib/mediaplayer.jar; sourceTree = SOURCE_ROOT; };
		BF57FD0F1176F1F4003E7A8E /* net_mc_cubed_qtcubed_media_codec_QTCodec.h */ = {isa = PBXFileReference; fileEncoding = 4; lastKnownFileType = sourcecode.c.h; name = net_mc_cubed_qtcubed_media_codec_QTCodec.h; path = "build/QTCubed.build/Debug/Compile Native.build/DerivedSources/net_mc_cubed_qtcubed_media_codec_QTCodec.h"; sourceTree = "<group>"; };
		BF57FD111176F21F003E7A8E /* QTCodec.h */ = {isa = PBXFileReference; fileEncoding = 4; lastKnownFileType = sourcecode.c.h; path = QTCodec.h; sourceTree = "<group>"; };
		BF57FD121176F21F003E7A8E /* QTCodec.m */ = {isa = PBXFileReference; fileEncoding = 4; lastKnownFileType = sourcecode.c.objc; path = QTCodec.m; sourceTree = "<group>"; };
		BF70B1C111A3C8B8009B794B /* Japanese */ = {isa = PBXFileReference; lastKnownFileType = text.plist.strings; name = Japanese; path = Japanese.lproj/InfoPlist.strings; sourceTree = "<group>"; };
		BF76209E11744AA90016952D /* CoreVideo.framework */ = {isa = PBXFileReference; lastKnownFileType = wrapper.framework; name = CoreVideo.framework; path = /System/Library/Frameworks/CoreVideo.framework; sourceTree = "<absolute>"; };
		BF76233E1174D1C40016952D /* CoreFoundation.framework */ = {isa = PBXFileReference; lastKnownFileType = wrapper.framework; name = CoreFoundation.framework; path = /System/Library/Frameworks/CoreFoundation.framework; sourceTree = "<absolute>"; };
		BF98C14C1172EFA50059AA19 /* QuickTime.framework */ = {isa = PBXFileReference; lastKnownFileType = wrapper.framework; name = QuickTime.framework; path = /System/Library/Frameworks/QuickTime.framework; sourceTree = "<absolute>"; };
		BFA701CC112EA8E400D5157A /* QTKit.framework */ = {isa = PBXFileReference; lastKnownFileType = wrapper.framework; name = QTKit.framework; path = /System/Library/Frameworks/QTKit.framework; sourceTree = "<absolute>"; };
		BFA701EE112EA91A00D5157A /* libQTCubed.jnilib */ = {isa = PBXFileReference; explicitFileType = "compiled.mach-o.dylib"; includeInIndex = 0; path = libQTCubed.jnilib; sourceTree = BUILT_PRODUCTS_DIR; };
		BFA7033E112EABF100D5157A /* QTMovieBridge.m */ = {isa = PBXFileReference; fileEncoding = 4; lastKnownFileType = sourcecode.c.objc; path = QTMovieBridge.m; sourceTree = "<group>"; };
		BFC77905112FDFE900F2D7A3 /* net_mc_cubed_qtcubed_QTMovie.h */ = {isa = PBXFileReference; fileEncoding = 4; lastKnownFileType = sourcecode.c.h; name = net_mc_cubed_qtcubed_QTMovie.h; path = "build/QTCubed.build/Debug/Compile Native.build/DerivedSources/net_mc_cubed_qtcubed_QTMovie.h"; sourceTree = "<group>"; };
		BFC7799B1130009700F2D7A3 /* net_mc_cubed_qtcubed_QTMovieView.h */ = {isa = PBXFileReference; fileEncoding = 4; lastKnownFileType = sourcecode.c.h; name = net_mc_cubed_qtcubed_QTMovieView.h; path = "build/QTCubed.build/Debug/Compile Native.build/DerivedSources/net_mc_cubed_qtcubed_QTMovieView.h"; sourceTree = "<group>"; };
		BFC7799E113000D200F2D7A3 /* QTMovieViewBridge.m */ = {isa = PBXFileReference; fileEncoding = 4; lastKnownFileType = sourcecode.c.objc; path = QTMovieViewBridge.m; sourceTree = "<group>"; };
		BFC77A5A11301AC200F2D7A3 /* Manifest */ = {isa = PBXFileReference; fileEncoding = 4; lastKnownFileType = text; path = Manifest; sourceTree = "<group>"; };
		BFC77A5B11301AD100F2D7A3 /* version.plist */ = {isa = PBXFileReference; fileEncoding = 4; lastKnownFileType = text.plist.xml; path = version.plist; sourceTree = "<group>"; };
		BFC77A601130250900F2D7A3 /* QTMovieViewBridge.h */ = {isa = PBXFileReference; fileEncoding = 4; lastKnownFileType = sourcecode.c.h; path = QTMovieViewBridge.h; sourceTree = "<group>"; };
		BFC77B1E11310CC100F2D7A3 /* QTCubed.jar */ = {isa = PBXFileReference; lastKnownFileType = archive.jar; name = QTCubed.jar; path = build/Debug/QTCubed.jar; sourceTree = "<group>"; };
		BFD0E36411A12270002880E1 /* net_mc_cubed_qtcubed_QTKitMovieImpl.h */ = {isa = PBXFileReference; fileEncoding = 4; lastKnownFileType = sourcecode.c.h; name = net_mc_cubed_qtcubed_QTKitMovieImpl.h; path = "build/QTCubed.build/Debug/Compile Native.build/DerivedSources/net_mc_cubed_qtcubed_QTKitMovieImpl.h"; sourceTree = "<group>"; };
		BFFC1177116ECD8E00BEEA82 /* QTKitCaptureSession.h */ = {isa = PBXFileReference; fileEncoding = 4; lastKnownFileType = sourcecode.c.h; path = QTKitCaptureSession.h; sourceTree = "<group>"; };
		BFFC1178116ECD8E00BEEA82 /* QTKitCaptureSession.m */ = {isa = PBXFileReference; fileEncoding = 4; lastKnownFileType = sourcecode.c.objc; path = QTKitCaptureSession.m; sourceTree = "<group>"; };
		BFFC117C116ECDE100BEEA82 /* net_mc_cubed_qtcubed_QTKitCaptureSession.h */ = {isa = PBXFileReference; fileEncoding = 4; lastKnownFileType = sourcecode.c.h; name = net_mc_cubed_qtcubed_QTKitCaptureSession.h; path = "build/QTCubed.build/Debug/Compile Native.build/DerivedSources/net_mc_cubed_qtcubed_QTKitCaptureSession.h"; sourceTree = "<group>"; };
		BFFC11BB116EDE4600BEEA82 /* QTKitCaptureDevice.h */ = {isa = PBXFileReference; fileEncoding = 4; lastKnownFileType = sourcecode.c.h; path = QTKitCaptureDevice.h; sourceTree = "<group>"; };
		BFFC11BC116EDE4600BEEA82 /* QTKitCaptureDevice.m */ = {isa = PBXFileReference; fileEncoding = 4; lastKnownFileType = sourcecode.c.objc; path = QTKitCaptureDevice.m; sourceTree = "<group>"; };
		BFFC11BF116EDF0500BEEA82 /* net_mc_cubed_qtcubed_QTKitCaptureConnection.h */ = {isa = PBXFileReference; fileEncoding = 4; lastKnownFileType = sourcecode.c.h; name = net_mc_cubed_qtcubed_QTKitCaptureConnection.h; path = "build/QTCubed.build/Debug/Compile Native.build/DerivedSources/net_mc_cubed_qtcubed_QTKitCaptureConnection.h"; sourceTree = "<group>"; };
		BFFC11C0116EDF0500BEEA82 /* net_mc_cubed_qtcubed_QTKitCaptureDecompressedAudioOutput.h */ = {isa = PBXFileReference; fileEncoding = 4; lastKnownFileType = sourcecode.c.h; name = net_mc_cubed_qtcubed_QTKitCaptureDecompressedAudioOutput.h; path = "build/QTCubed.build/Debug/Compile Native.build/DerivedSources/net_mc_cubed_qtcubed_QTKitCaptureDecompressedAudioOutput.h"; sourceTree = "<group>"; };
		BFFC11C1116EDF0500BEEA82 /* net_mc_cubed_qtcubed_QTKitCaptureDecompressedVideoOutput.h */ = {isa = PBXFileReference; fileEncoding = 4; lastKnownFileType = sourcecode.c.h; name = net_mc_cubed_qtcubed_QTKitCaptureDecompressedVideoOutput.h; path = "build/QTCubed.build/Debug/Compile Native.build/DerivedSources/net_mc_cubed_qtcubed_QTKitCaptureDecompressedVideoOutput.h"; sourceTree = "<group>"; };
		BFFC11C2116EDF0500BEEA82 /* net_mc_cubed_qtcubed_QTKitCaptureDevice.h */ = {isa = PBXFileReference; fileEncoding = 4; lastKnownFileType = sourcecode.c.h; name = net_mc_cubed_qtcubed_QTKitCaptureDevice.h; path = "build/QTCubed.build/Debug/Compile Native.build/DerivedSources/net_mc_cubed_qtcubed_QTKitCaptureDevice.h"; sourceTree = "<group>"; };
		BFFC11C3116EDF0500BEEA82 /* net_mc_cubed_qtcubed_QTKitCaptureDeviceInput.h */ = {isa = PBXFileReference; fileEncoding = 4; lastKnownFileType = sourcecode.c.h; name = net_mc_cubed_qtcubed_QTKitCaptureDeviceInput.h; path = "build/QTCubed.build/Debug/Compile Native.build/DerivedSources/net_mc_cubed_qtcubed_QTKitCaptureDeviceInput.h"; sourceTree = "<group>"; };
		BFFC11C4116EDF0500BEEA82 /* net_mc_cubed_qtcubed_QTKitCaptureInput.h */ = {isa = PBXFileReference; fileEncoding = 4; lastKnownFileType = sourcecode.c.h; name = net_mc_cubed_qtcubed_QTKitCaptureInput.h; path = "build/QTCubed.build/Debug/Compile Native.build/DerivedSources/net_mc_cubed_qtcubed_QTKitCaptureInput.h"; sourceTree = "<group>"; };
		BFFC11C5116EDF0500BEEA82 /* net_mc_cubed_qtcubed_QTKitCaptureOutput.h */ = {isa = PBXFileReference; fileEncoding = 4; lastKnownFileType = sourcecode.c.h; name = net_mc_cubed_qtcubed_QTKitCaptureOutput.h; path = "build/QTCubed.build/Debug/Compile Native.build/DerivedSources/net_mc_cubed_qtcubed_QTKitCaptureOutput.h"; sourceTree = "<group>"; };
		BFFC11C6116EDF0500BEEA82 /* net_mc_cubed_qtcubed_QTKitCaptureView.h */ = {isa = PBXFileReference; fileEncoding = 4; lastKnownFileType = sourcecode.c.h; name = net_mc_cubed_qtcubed_QTKitCaptureView.h; path = "build/QTCubed.build/Debug/Compile Native.build/DerivedSources/net_mc_cubed_qtcubed_QTKitCaptureView.h"; sourceTree = "<group>"; };
		BFFC1355116EF34800BEEA82 /* QTKitCaptureDeviceInput.h */ = {isa = PBXFileReference; fileEncoding = 4; lastKnownFileType = sourcecode.c.h; path = QTKitCaptureDeviceInput.h; sourceTree = "<group>"; };
		BFFC1356116EF34900BEEA82 /* QTKitCaptureDeviceInput.m */ = {isa = PBXFileReference; fileEncoding = 4; lastKnownFileType = sourcecode.c.objc; path = QTKitCaptureDeviceInput.m; sourceTree = "<group>"; };
		BFFC13CF116EFAE800BEEA82 /* QTCaptureViewBridge.h */ = {isa = PBXFileReference; fileEncoding = 4; lastKnownFileType = sourcecode.c.h; path = QTCaptureViewBridge.h; sourceTree = "<group>"; };
		BFFC13D0116EFAE800BEEA82 /* QTCaptureViewBridge.m */ = {isa = PBXFileReference; fileEncoding = 4; lastKnownFileType = sourcecode.c.objc; path = QTCaptureViewBridge.m; sourceTree = "<group>"; };
		BFFC13D9116EFD4000BEEA82 /* net_mc_cubed_qtcubed_QTKitMovieView.h */ = {isa = PBXFileReference; fileEncoding = 4; lastKnownFileType = sourcecode.c.h; name = net_mc_cubed_qtcubed_QTKitMovieView.h; path = "build/QTCubed.build/Debug/Compile Native.build/DerivedSources/net_mc_cubed_qtcubed_QTKitMovieView.h"; sourceTree = "<group>"; };
		BFFC1412116F030200BEEA82 /* QTKitCaptureDecompressedVideoOutput.h */ = {isa = PBXFileReference; fileEncoding = 4; lastKnownFileType = sourcecode.c.h; path = QTKitCaptureDecompressedVideoOutput.h; sourceTree = "<group>"; };
		BFFC1413116F030200BEEA82 /* QTKitCaptureDecompressedVideoOutput.m */ = {isa = PBXFileReference; fileEncoding = 4; lastKnownFileType = sourcecode.c.objc; path = QTKitCaptureDecompressedVideoOutput.m; sourceTree = "<group>"; };
		BFFC141D116F04B200BEEA82 /* QTKitCaptureDecompressedAudioOutput.h */ = {isa = PBXFileReference; fileEncoding = 4; lastKnownFileType = sourcecode.c.h; path = QTKitCaptureDecompressedAudioOutput.h; sourceTree = "<group>"; };
		BFFC141E116F04B200BEEA82 /* QTKitCaptureDecompressedAudioOutput.m */ = {isa = PBXFileReference; fileEncoding = 4; lastKnownFileType = sourcecode.c.objc; path = QTKitCaptureDecompressedAudioOutput.m; sourceTree = "<group>"; };
/* End PBXFileReference section */

/* Begin PBXFrameworksBuildPhase section */
		89D0F04E0F393AD9007831A7 /* Frameworks */ = {
			isa = PBXFrameworksBuildPhase;
			buildActionMask = 2147483647;
			files = (
				BF3329161181341C00A39409 /* AudioToolbox.framework in Frameworks */,
				BF3329171181341C00A39409 /* AudioUnit.framework in Frameworks */,
				BF7623411174D1CC0016952D /* CoreFoundation.framework in Frameworks */,
				BF76212111744B560016952D /* QuickTime.framework in Frameworks */,
				BF76212211744B560016952D /* CoreVideo.framework in Frameworks */,
				BF78591B112EDDC70064262B /* AppKit.framework in Frameworks */,
				89D0F05C0F39404F007831A7 /* Cocoa.framework in Frameworks */,
				89D0F0850F394066007831A7 /* JavaNativeFoundation.framework in Frameworks */,
				89D0F1870F3A2442007831A7 /* JavaVM.framework in Frameworks */,
				BFA701CD112EA8E400D5157A /* QTKit.framework in Frameworks */,
				BF3770C71175AB84008EB949 /* jmf.jar in Frameworks */,
				BF57FBEB1176BD19003E7A8E /* mediaplayer.jar in Frameworks */,
				BF440351120120030017F443 /* junit.jar in Frameworks */,
			);
			runOnlyForDeploymentPostprocessing = 0;
		};
		BF44E7BB1185880A00F308F1 /* Frameworks */ = {
			isa = PBXFrameworksBuildPhase;
			buildActionMask = 2147483647;
			files = (
				BF44E7C31185884700F308F1 /* QuickTime.framework in Frameworks */,
				BF44E7C41185884700F308F1 /* CoreVideo.framework in Frameworks */,
				BF44E7C51185884700F308F1 /* QTKit.framework in Frameworks */,
				BF44E7C61185884700F308F1 /* Cocoa.framework in Frameworks */,
				BF44E7C71185884700F308F1 /* JavaVM.framework in Frameworks */,
				BF44E7C81185884700F308F1 /* JavaNativeFoundation.framework in Frameworks */,
				BF44E7C91185884700F308F1 /* CoreAudio.framework in Frameworks */,
				BF44E7CA1185884700F308F1 /* AudioToolbox.framework in Frameworks */,
				BF44E7CB1185884700F308F1 /* AudioUnit.framework in Frameworks */,
			);
			runOnlyForDeploymentPostprocessing = 0;
		};
/* End PBXFrameworksBuildPhase section */

/* Begin PBXGroup section */
		1058C7A0FEA54F0111CA2CBB /* Linked Frameworks */ = {
			isa = PBXGroup;
			children = (
				BF98C14C1172EFA50059AA19 /* QuickTime.framework */,
				BF76209E11744AA90016952D /* CoreVideo.framework */,
				BFA701CC112EA8E400D5157A /* QTKit.framework */,
				1058C7A1FEA54F0111CA2CBB /* Cocoa.framework */,
				89D0F1860F3A2442007831A7 /* JavaVM.framework */,
				89D0F0840F394066007831A7 /* JavaNativeFoundation.framework */,
				BF0DAD601177FEC80033A77E /* CoreAudio.framework */,
				BF3328F01181340A00A39409 /* AudioToolbox.framework */,
				BF3328F11181340A00A39409 /* AudioUnit.framework */,
			);
			name = "Linked Frameworks";
			sourceTree = "<group>";
		};
		1058C7A2FEA54F0111CA2CBB /* Other Frameworks */ = {
			isa = PBXGroup;
			children = (
				29B97324FDCFA39411CA2CEA /* AppKit.framework */,
				29B97325FDCFA39411CA2CEA /* Foundation.framework */,
				BF76233E1174D1C40016952D /* CoreFoundation.framework */,
			);
			name = "Other Frameworks";
			sourceTree = "<group>";
		};
		19C28FACFE9D520D11CA2CBB /* Products */ = {
			isa = PBXGroup;
			children = (
				BF44E8451185962A00F308F1 /* net_mc_cubed_QTCubed.h */,
				BF57FD0F1176F1F4003E7A8E /* net_mc_cubed_qtcubed_media_codec_QTCodec.h */,
				BF3329441181350C00A39409 /* net_mc_cubed_qtcubed_QTKitCaptureAudioDataOutput.h */,
				BFFC11BF116EDF0500BEEA82 /* net_mc_cubed_qtcubed_QTKitCaptureConnection.h */,
				BFFC11C0116EDF0500BEEA82 /* net_mc_cubed_qtcubed_QTKitCaptureDecompressedAudioOutput.h */,
				BFFC11C1116EDF0500BEEA82 /* net_mc_cubed_qtcubed_QTKitCaptureDecompressedVideoOutput.h */,
				BFFC11C2116EDF0500BEEA82 /* net_mc_cubed_qtcubed_QTKitCaptureDevice.h */,
				BFFC11C3116EDF0500BEEA82 /* net_mc_cubed_qtcubed_QTKitCaptureDeviceInput.h */,
				BFFC11C4116EDF0500BEEA82 /* net_mc_cubed_qtcubed_QTKitCaptureInput.h */,
				BFFC11C5116EDF0500BEEA82 /* net_mc_cubed_qtcubed_QTKitCaptureOutput.h */,
				BFFC117C116ECDE100BEEA82 /* net_mc_cubed_qtcubed_QTKitCaptureSession.h */,
				BFFC11C6116EDF0500BEEA82 /* net_mc_cubed_qtcubed_QTKitCaptureView.h */,
				BFFC13D9116EFD4000BEEA82 /* net_mc_cubed_qtcubed_QTKitMovieView.h */,
				BFD0E36411A12270002880E1 /* net_mc_cubed_qtcubed_QTKitMovieImpl.h */,
				BFC77905112FDFE900F2D7A3 /* net_mc_cubed_qtcubed_QTMovie.h */,
				BFC7799B1130009700F2D7A3 /* net_mc_cubed_qtcubed_QTMovieView.h */,
				BFC77B1E11310CC100F2D7A3 /* QTCubed.jar */,
				8D1107320486CEB800E47090 /* QTCubed.app */,
				BFA701EE112EA91A00D5157A /* libQTCubed.jnilib */,
				BF44E7BD1185880A00F308F1 /* EncodingServer */,
			);
			name = Products;
			sourceTree = "<group>";
		};
		29B97314FDCFA39411CA2CEA /* QTCubed */ = {
			isa = PBXGroup;
			children = (
				89D0F0260F392F48007831A7 /* Source */,
				89D0F0200F392F20007831A7 /* Resources */,
				89D0F1390F3948A9007831A7 /* make */,
				BF043E98115CB90D00B0B8A8 /* lib */,
				29B97323FDCFA39411CA2CEA /* Frameworks */,
				19C28FACFE9D520D11CA2CBB /* Products */,
				BF44E67C1185681A00F308F1 /* QuartzCore.framework */,
			);
			name = QTCubed;
			sourceTree = "<group>";
		};
		29B97323FDCFA39411CA2CEA /* Frameworks */ = {
			isa = PBXGroup;
			children = (
				1058C7A0FEA54F0111CA2CBB /* Linked Frameworks */,
				1058C7A2FEA54F0111CA2CBB /* Other Frameworks */,
			);
			name = Frameworks;
			sourceTree = "<group>";
		};
		89D0F0200F392F20007831A7 /* Resources */ = {
			isa = PBXGroup;
			children = (
				BF440350120120030017F443 /* junit.jar */,
				BF37712D1175B1CD008EB949 /* icon.icns */,
				BF3770C61175AB83008EB949 /* jmf.jar */,
				BFC77A5B11301AD100F2D7A3 /* version.plist */,
				BF57FBEA1176BD19003E7A8E /* mediaplayer.jar */,
				BFC77A5A11301AC200F2D7A3 /* Manifest */,
				89C3F2900F5250A300B0048E /* Credits.rtf */,
				89D0F0230F392F20007831A7 /* Info.plist */,
				89D0F0210F392F20007831A7 /* InfoPlist.strings */,
				89D0F03E0F39304A007831A7 /* JavaApplicationStub */,
				BF44E773118583A200F308F1 /* EncodingServer-Info.plist */,
			);
			name = Resources;
			path = resources;
			sourceTree = "<group>";
		};
		89D0F0260F392F48007831A7 /* Source */ = {
			isa = PBXGroup;
			children = (
				89D0F0290F392F56007831A7 /* java */,
				89D0F0280F392F48007831A7 /* native */,
			);
			name = Source;
			path = src;
			sourceTree = "<group>";
		};
		89D0F0280F392F48007831A7 /* native */ = {
			isa = PBXGroup;
			children = (
				BF44E777118583C700F308F1 /* EncodingServerMain.h */,
				BF44E778118583C700F308F1 /* EncodingServerMain.m */,
				BF57FD111176F21F003E7A8E /* QTCodec.h */,
				BF57FD121176F21F003E7A8E /* QTCodec.m */,
				BF44E819118593D000F308F1 /* QTCodecBridge.m */,
				BF44E80E1185932C00F308F1 /* QTCodecProtocol.h */,
				BF44E8471185966A00F308F1 /* QTCubed.m */,
				BFA7033E112EABF100D5157A /* QTMovieBridge.m */,
				BFC77A601130250900F2D7A3 /* QTMovieViewBridge.h */,
				BFC7799E113000D200F2D7A3 /* QTMovieViewBridge.m */,
				BFFC13CF116EFAE800BEEA82 /* QTCaptureViewBridge.h */,
				BFFC13D0116EFAE800BEEA82 /* QTCaptureViewBridge.m */,
				BF33293D118134C200A39409 /* QTKitCaptureAudioDataOutput.h */,
				BF33293E118134C200A39409 /* QTKitCaptureAudioDataOutput.m */,
				BFFC141D116F04B200BEEA82 /* QTKitCaptureDecompressedAudioOutput.h */,
				BFFC141E116F04B200BEEA82 /* QTKitCaptureDecompressedAudioOutput.m */,
				BFFC1412116F030200BEEA82 /* QTKitCaptureDecompressedVideoOutput.h */,
				BFFC1413116F030200BEEA82 /* QTKitCaptureDecompressedVideoOutput.m */,
				BFFC11BB116EDE4600BEEA82 /* QTKitCaptureDevice.h */,
				BFFC11BC116EDE4600BEEA82 /* QTKitCaptureDevice.m */,
				BFFC1355116EF34800BEEA82 /* QTKitCaptureDeviceInput.h */,
				BFFC1356116EF34900BEEA82 /* QTKitCaptureDeviceInput.m */,
				BFFC1177116ECD8E00BEEA82 /* QTKitCaptureSession.h */,
				BFFC1178116ECD8E00BEEA82 /* QTKitCaptureSession.m */,
			);
			path = native;
			sourceTree = "<group>";
		};
/* End PBXGroup section */

/* Begin PBXHeadersBuildPhase section */
		89D0F04C0F393AD9007831A7 /* Headers */ = {
			isa = PBXHeadersBuildPhase;
			buildActionMask = 2147483647;
			files = (
				BFC77906112FDFE900F2D7A3 /* net_mc_cubed_qtcubed_QTMovie.h in Headers */,
				BFC7799C1130009800F2D7A3 /* net_mc_cubed_qtcubed_QTMovieView.h in Headers */,
				BFC77A611130250900F2D7A3 /* QTMovieViewBridge.h in Headers */,
				BFFC1179116ECD8E00BEEA82 /* QTKitCaptureSession.h in Headers */,
				BFFC117D116ECDE100BEEA82 /* net_mc_cubed_qtcubed_QTKitCaptureSession.h in Headers */,
				BFFC11BD116EDE4600BEEA82 /* QTKitCaptureDevice.h in Headers */,
				BFFC11CA116EDF0500BEEA82 /* net_mc_cubed_qtcubed_QTKitCaptureConnection.h in Headers */,
				BFFC11CB116EDF0500BEEA82 /* net_mc_cubed_qtcubed_QTKitCaptureDecompressedAudioOutput.h in Headers */,
				BFFC11CC116EDF0500BEEA82 /* net_mc_cubed_qtcubed_QTKitCaptureDecompressedVideoOutput.h in Headers */,
				BFFC11CD116EDF0500BEEA82 /* net_mc_cubed_qtcubed_QTKitCaptureDevice.h in Headers */,
				BFFC11CE116EDF0500BEEA82 /* net_mc_cubed_qtcubed_QTKitCaptureDeviceInput.h in Headers */,
				BFFC11CF116EDF0500BEEA82 /* net_mc_cubed_qtcubed_QTKitCaptureInput.h in Headers */,
				BFFC11D0116EDF0500BEEA82 /* net_mc_cubed_qtcubed_QTKitCaptureOutput.h in Headers */,
				BFFC11D1116EDF0500BEEA82 /* net_mc_cubed_qtcubed_QTKitCaptureView.h in Headers */,
				BFFC1357116EF34900BEEA82 /* QTKitCaptureDeviceInput.h in Headers */,
				BFFC13D1116EFAE800BEEA82 /* QTCaptureViewBridge.h in Headers */,
				BFFC13DA116EFD4000BEEA82 /* net_mc_cubed_qtcubed_QTKitMovieView.h in Headers */,
				BFFC1414116F030200BEEA82 /* QTKitCaptureDecompressedVideoOutput.h in Headers */,
				BFFC141F116F04B200BEEA82 /* QTKitCaptureDecompressedAudioOutput.h in Headers */,
				BF57FD101176F1F4003E7A8E /* net_mc_cubed_qtcubed_media_codec_QTCodec.h in Headers */,
				BF57FD131176F21F003E7A8E /* QTCodec.h in Headers */,
				BF33293F118134C200A39409 /* QTKitCaptureAudioDataOutput.h in Headers */,
				BF3329451181350C00A39409 /* net_mc_cubed_qtcubed_QTKitCaptureAudioDataOutput.h in Headers */,
				BF44E779118583C700F308F1 /* EncodingServerMain.h in Headers */,
				BF44E80F1185932C00F308F1 /* QTCodecProtocol.h in Headers */,
				BF44E8461185962A00F308F1 /* net_mc_cubed_QTCubed.h in Headers */,
				BFD0E36511A12270002880E1 /* net_mc_cubed_qtcubed_QTKitMovieImpl.h in Headers */,
			);
			runOnlyForDeploymentPostprocessing = 0;
		};
/* End PBXHeadersBuildPhase section */

/* Begin PBXLegacyTarget section */
		89D0F0480F393A6F007831A7 /* Compile Java */ = {
			isa = PBXLegacyTarget;
			buildArgumentsString = "-e -f \"${SRCROOT}/make/build.xml\" -debug \"$ACTION\"";
			buildConfigurationList = 89D0F04B0F393AB7007831A7 /* Build configuration list for PBXLegacyTarget "Compile Java" */;
			buildPhases = (
			);
			buildToolPath = /usr/bin/ant;
			buildWorkingDirectory = "";
			dependencies = (
				BFF56A1C1186DAFA007F75F1 /* PBXTargetDependency */,
			);
			name = "Compile Java";
			passBuildSettingsInEnvironment = 1;
			productName = "Compile Java";
		};
		BF4403FD120132C90017F443 /* Tests */ = {
			isa = PBXLegacyTarget;
			buildArgumentsString = "-e -f \"${SRCROOT}/make/build.xml\" -debug \"test\"";
			buildConfigurationList = BF440406120133350017F443 /* Build configuration list for PBXLegacyTarget "Tests" */;
			buildPhases = (
			);
			buildToolPath = /usr/bin/ant;
			dependencies = (
				BF4404011201330D0017F443 /* PBXTargetDependency */,
			);
			name = Tests;
			passBuildSettingsInEnvironment = 1;
			productName = Tests;
		};
/* End PBXLegacyTarget section */

/* Begin PBXNativeTarget section */
		89D0F04F0F393AD9007831A7 /* Compile Native */ = {
			isa = PBXNativeTarget;
			buildConfigurationList = 89D0F0530F393AF8007831A7 /* Build configuration list for PBXNativeTarget "Compile Native" */;
			buildPhases = (
				89D0F1360F394748007831A7 /* Run javah */,
				89D0F04C0F393AD9007831A7 /* Headers */,
				89D0F04D0F393AD9007831A7 /* Sources */,
				89D0F04E0F393AD9007831A7 /* Frameworks */,
				56E9FCDB113270A300570103 /* CopyFiles */,
			);
			buildRules = (
			);
			dependencies = (
			);
			name = "Compile Native";
			productName = "Compile Native";
			productReference = BFA701EE112EA91A00D5157A /* libQTCubed.jnilib */;
			productType = "com.apple.product-type.library.dynamic";
		};
		8D1107260486CEB800E47090 /* Assemble Application */ = {
			isa = PBXNativeTarget;
			buildConfigurationList = C01FCF4A08A954540054247B /* Build configuration list for PBXNativeTarget "Assemble Application" */;
			buildPhases = (
				89D0F0440F393070007831A7 /* Copy Executable */,
				89D0F11F0F394189007831A7 /* Copy Java Resources */,
				8D1107290486CEB800E47090 /* Resources */,
			);
			buildRules = (
			);
			dependencies = (
			);
			name = "Assemble Application";
			productInstallPath = "$(HOME)/Applications";
			productName = QTCubed;
			productReference = 8D1107320486CEB800E47090 /* QTCubed.app */;
			productType = "com.apple.product-type.application";
		};
		BF44E7BC1185880A00F308F1 /* EncodingServer */ = {
			isa = PBXNativeTarget;
			buildConfigurationList = BF44E7C11185882F00F308F1 /* Build configuration list for PBXNativeTarget "EncodingServer" */;
			buildPhases = (
				BF44E7BA1185880A00F308F1 /* Sources */,
				BF44E7BB1185880A00F308F1 /* Frameworks */,
			);
			buildRules = (
			);
			dependencies = (
			);
			name = EncodingServer;
			productName = EncodingServer;
			productReference = BF44E7BD1185880A00F308F1 /* EncodingServer */;
			productType = "com.apple.product-type.tool";
		};
/* End PBXNativeTarget section */

/* Begin PBXProject section */
		29B97313FDCFA39411CA2CEA /* Project object */ = {
			isa = PBXProject;
			attributes = {
				BuildIndependentTargetsInParallel = NO;
			};
			buildConfigurationList = C01FCF4E08A954540054247B /* Build configuration list for PBXProject "QTCubed" */;
			compatibilityVersion = "Xcode 3.2";
			hasScannedForEncodings = 1;
			mainGroup = 29B97314FDCFA39411CA2CEA /* QTCubed */;
			projectDirPath = "";
			projectRoot = "";
			targets = (
				89D0F1C90F3B704E007831A7 /* QTCubed */,
				89D0F0480F393A6F007831A7 /* Compile Java */,
				89D0F04F0F393AD9007831A7 /* Compile Native */,
				BF44E7BC1185880A00F308F1 /* EncodingServer */,
				8D1107260486CEB800E47090 /* Assemble Application */,
				BF4403FD120132C90017F443 /* Tests */,
			);
		};
/* End PBXProject section */

/* Begin PBXResourcesBuildPhase section */
		8D1107290486CEB800E47090 /* Resources */ = {
			isa = PBXResourcesBuildPhase;
			buildActionMask = 2147483647;
			files = (
				BF3771301175B20A008EB949 /* icon.icns in Resources */,
				89D0F0240F392F20007831A7 /* InfoPlist.strings in Resources */,
				89C3F2920F5250A300B0048E /* Credits.rtf in Resources */,
			);
			runOnlyForDeploymentPostprocessing = 0;
		};
/* End PBXResourcesBuildPhase section */

/* Begin PBXShellScriptBuildPhase section */
		89D0F1360F394748007831A7 /* Run javah */ = {
			isa = PBXShellScriptBuildPhase;
			buildActionMask = 2147483647;
			files = (
			);
			inputPaths = (
			);
			name = "Run javah";
			outputPaths = (
			);
			runOnlyForDeploymentPostprocessing = 0;
			shellPath = /bin/sh;
			shellScript = "# find the jar file to dig into\nJAR_TO_JAVAH=\"${BUILT_PRODUCTS_DIR}/QTCubed.jar\"\n\n# use a helper script to list all classes inside the jar, and all classes referenced by those classes\nCLASS_LIST=`\"${SRCROOT}/make/find-classrefs.sh\" \"${JAR_TO_JAVAH}\" | xargs`\n\n# run javah for all classes inside the jar, and all classes referenced by those classes\njavah -verbose -jni -classpath \"${JAR_TO_JAVAH}:${SRCROOT}/lib/jmf.jar:${SRCROOT}/lib/junit.jar\" -d \"${DERIVED_SOURCES_DIR}\" ${CLASS_LIST}";
		};
/* End PBXShellScriptBuildPhase section */

/* Begin PBXSourcesBuildPhase section */
		89D0F04D0F393AD9007831A7 /* Sources */ = {
			isa = PBXSourcesBuildPhase;
			buildActionMask = 2147483647;
			files = (
				BF152CED112ED7BE008B4ECC /* QTMovieBridge.m in Sources */,
				BFC779A0113000D200F2D7A3 /* QTMovieViewBridge.m in Sources */,
				BFFC117A116ECD8E00BEEA82 /* QTKitCaptureSession.m in Sources */,
				BFFC11BE116EDE4600BEEA82 /* QTKitCaptureDevice.m in Sources */,
				BFFC1358116EF34900BEEA82 /* QTKitCaptureDeviceInput.m in Sources */,
				BFFC13D2116EFAE800BEEA82 /* QTCaptureViewBridge.m in Sources */,
				BFFC1415116F030200BEEA82 /* QTKitCaptureDecompressedVideoOutput.m in Sources */,
				BFFC1420116F04B200BEEA82 /* QTKitCaptureDecompressedAudioOutput.m in Sources */,
				BF57FD141176F21F003E7A8E /* QTCodec.m in Sources */,
				BF332940118134C200A39409 /* QTKitCaptureAudioDataOutput.m in Sources */,
				BF44E81A118593D000F308F1 /* QTCodecBridge.m in Sources */,
				BF44E8481185966A00F308F1 /* QTCubed.m in Sources */,
			);
			runOnlyForDeploymentPostprocessing = 0;
		};
		BF44E7BA1185880A00F308F1 /* Sources */ = {
			isa = PBXSourcesBuildPhase;
			buildActionMask = 2147483647;
			files = (
				BF44E8101185936C00F308F1 /* QTCodec.m in Sources */,
				BF44E7C21185882F00F308F1 /* EncodingServerMain.m in Sources */,
			);
			runOnlyForDeploymentPostprocessing = 0;
		};
/* End PBXSourcesBuildPhase section */

/* Begin PBXTargetDependency section */
		89D0F1CD0F3B7062007831A7 /* PBXTargetDependency */ = {
			isa = PBXTargetDependency;
			target = 8D1107260486CEB800E47090 /* Assemble Application */;
			targetProxy = 89D0F1CC0F3B7062007831A7 /* PBXContainerItemProxy */;
		};
		89D0F1CF0F3B7062007831A7 /* PBXTargetDependency */ = {
			isa = PBXTargetDependency;
			target = 89D0F04F0F393AD9007831A7 /* Compile Native */;
			targetProxy = 89D0F1CE0F3B7062007831A7 /* PBXContainerItemProxy */;
		};
		89D0F1D10F3B7062007831A7 /* PBXTargetDependency */ = {
			isa = PBXTargetDependency;
			target = 89D0F0480F393A6F007831A7 /* Compile Java */;
			targetProxy = 89D0F1D00F3B7062007831A7 /* PBXContainerItemProxy */;
		};
		BF4404011201330D0017F443 /* PBXTargetDependency */ = {
			isa = PBXTargetDependency;
			target = 8D1107260486CEB800E47090 /* Assemble Application */;
			targetProxy = BF4404001201330D0017F443 /* PBXContainerItemProxy */;
		};
		BF44E86C11859AC200F308F1 /* PBXTargetDependency */ = {
			isa = PBXTargetDependency;
			target = BF44E7BC1185880A00F308F1 /* EncodingServer */;
			targetProxy = BF44E86B11859AC200F308F1 /* PBXContainerItemProxy */;
		};
		BFF56A1C1186DAFA007F75F1 /* PBXTargetDependency */ = {
			isa = PBXTargetDependency;
			target = BF44E7BC1185880A00F308F1 /* EncodingServer */;
			targetProxy = BFF56A1B1186DAFA007F75F1 /* PBXContainerItemProxy */;
		};
/* End PBXTargetDependency section */

/* Begin PBXVariantGroup section */
		89C3F2900F5250A300B0048E /* Credits.rtf */ = {
			isa = PBXVariantGroup;
			children = (
				89C3F2910F5250A300B0048E /* English */,
			);
			name = Credits.rtf;
			sourceTree = "<group>";
		};
		89D0F0210F392F20007831A7 /* InfoPlist.strings */ = {
			isa = PBXVariantGroup;
			children = (
				89D0F0220F392F20007831A7 /* English */,
				BF70B1C111A3C8B8009B794B /* Japanese */,
			);
			name = InfoPlist.strings;
			sourceTree = "<group>";
		};
/* End PBXVariantGroup section */

/* Begin XCBuildConfiguration section */
		89D0F0490F393A6F007831A7 /* Debug */ = {
			isa = XCBuildConfiguration;
			buildSettings = {
				PRODUCT_NAME = QTCubed;
			};
			name = Debug;
		};
		89D0F04A0F393A6F007831A7 /* Release */ = {
			isa = XCBuildConfiguration;
			buildSettings = {
				PRODUCT_NAME = QTCubed;
			};
			name = Release;
		};
		89D0F0510F393ADA007831A7 /* Debug */ = {
			isa = XCBuildConfiguration;
			buildSettings = {
				ARCHS = "$(ARCHS_STANDARD_32_64_BIT)";
				COPY_PHASE_STRIP = NO;
				DYLIB_COMPATIBILITY_VERSION = 1;
				DYLIB_CURRENT_VERSION = 1;
				EXECUTABLE_EXTENSION = jnilib;
				EXECUTABLE_PREFIX = lib;
				FRAMEWORK_SEARCH_PATHS = (
					"$(inherited)",
					"\"$(SYSTEM_LIBRARY_DIR)/Frameworks/JavaVM.framework/Versions/A/Frameworks\"",
				);
				GCC_DYNAMIC_NO_PIC = NO;
				GCC_ENABLE_FIX_AND_CONTINUE = YES;
				GCC_MODEL_TUNING = G5;
				GCC_OPTIMIZATION_LEVEL = 0;
				GCC_PRECOMPILE_PREFIX_HEADER = YES;
				GCC_PREFIX_HEADER = "$(SYSTEM_LIBRARY_DIR)/Frameworks/AppKit.framework/Headers/AppKit.h";
				HEADER_SEARCH_PATHS = "\"$(SYSTEM_LIBRARY_DIR)/Frameworks/JavaVM.framework/Headers\"";
				INSTALL_PATH = /usr/local/lib;
				OTHER_LDFLAGS = (
					"-framework",
					Foundation,
					"-framework",
					AppKit,
				);
				PREBINDING = NO;
				PRODUCT_NAME = QTCubed;
			};
			name = Debug;
		};
		89D0F0520F393ADA007831A7 /* Release */ = {
			isa = XCBuildConfiguration;
			buildSettings = {
				ARCHS = "$(ARCHS_STANDARD_32_64_BIT)";
				COPY_PHASE_STRIP = YES;
				DEBUG_INFORMATION_FORMAT = "dwarf-with-dsym";
				DYLIB_COMPATIBILITY_VERSION = 1;
				DYLIB_CURRENT_VERSION = 1;
				EXECUTABLE_EXTENSION = jnilib;
				EXECUTABLE_PREFIX = lib;
				FRAMEWORK_SEARCH_PATHS = (
					"$(inherited)",
					"\"$(SYSTEM_LIBRARY_DIR)/Frameworks/JavaVM.framework/Versions/A/Frameworks\"",
				);
				GCC_ENABLE_FIX_AND_CONTINUE = NO;
				GCC_MODEL_TUNING = G5;
				GCC_PRECOMPILE_PREFIX_HEADER = YES;
				GCC_PREFIX_HEADER = "$(SYSTEM_LIBRARY_DIR)/Frameworks/AppKit.framework/Headers/AppKit.h";
				HEADER_SEARCH_PATHS = "\"$(SYSTEM_LIBRARY_DIR)/Frameworks/JavaVM.framework/Headers\"";
				INSTALL_PATH = /usr/local/lib;
				OTHER_LDFLAGS = (
					"-framework",
					Foundation,
					"-framework",
					AppKit,
				);
				PREBINDING = NO;
				PRODUCT_NAME = QTCubed;
			};
			name = Release;
		};
		89D0F1CA0F3B704F007831A7 /* Debug */ = {
			isa = XCBuildConfiguration;
			buildSettings = {
				PRODUCT_NAME = QTCubed;
			};
			name = Debug;
		};
		89D0F1CB0F3B704F007831A7 /* Release */ = {
			isa = XCBuildConfiguration;
			buildSettings = {
				PRODUCT_NAME = QTCubed;
			};
			name = Release;
		};
		BF4403FE120132C90017F443 /* Debug */ = {
			isa = XCBuildConfiguration;
			buildSettings = {
				ACTION = test;
				COPY_PHASE_STRIP = NO;
				GCC_DYNAMIC_NO_PIC = NO;
				GCC_OPTIMIZATION_LEVEL = 0;
				PRODUCT_NAME = Tests;
			};
			name = Debug;
		};
		BF4403FF120132C90017F443 /* Release */ = {
			isa = XCBuildConfiguration;
			buildSettings = {
				COPY_PHASE_STRIP = YES;
				DEBUG_INFORMATION_FORMAT = "dwarf-with-dsym";
				GCC_ENABLE_FIX_AND_CONTINUE = NO;
				PRODUCT_NAME = Tests;
				ZERO_LINK = NO;
			};
			name = Release;
		};
		BF44E7BF1185880C00F308F1 /* Debug */ = {
			isa = XCBuildConfiguration;
			buildSettings = {
				ALWAYS_SEARCH_USER_PATHS = NO;
				ARCHS = "$(ARCHS_STANDARD_32_BIT)";
				COPY_PHASE_STRIP = NO;
				FRAMEWORK_SEARCH_PATHS = (
					"$(inherited)",
					"\"$(SYSTEM_LIBRARY_DIR)/Frameworks/JavaVM.framework/Versions/A/Frameworks\"",
				);
				GCC_DYNAMIC_NO_PIC = NO;
				GCC_ENABLE_FIX_AND_CONTINUE = YES;
				GCC_MODEL_TUNING = G5;
				GCC_OPTIMIZATION_LEVEL = 0;
				GCC_PRECOMPILE_PREFIX_HEADER = YES;
				GCC_PREFIX_HEADER = "$(SYSTEM_LIBRARY_DIR)/Frameworks/AppKit.framework/Headers/AppKit.h";
				INSTALL_PATH = /usr/local/bin;
				OTHER_LDFLAGS = (
					"-framework",
					Foundation,
					"-framework",
					AppKit,
				);
				PREBINDING = NO;
				PRODUCT_NAME = EncodingServer;
			};
			name = Debug;
		};
		BF44E7C01185880C00F308F1 /* Release */ = {
			isa = XCBuildConfiguration;
			buildSettings = {
				ALWAYS_SEARCH_USER_PATHS = NO;
				ARCHS = "$(ARCHS_STANDARD_32_BIT)";
				COPY_PHASE_STRIP = YES;
				DEBUG_INFORMATION_FORMAT = "dwarf-with-dsym";
				FRAMEWORK_SEARCH_PATHS = (
					"$(inherited)",
					"\"$(SYSTEM_LIBRARY_DIR)/Frameworks/JavaVM.framework/Versions/A/Frameworks\"",
				);
				GCC_ENABLE_FIX_AND_CONTINUE = NO;
				GCC_MODEL_TUNING = G5;
				GCC_PRECOMPILE_PREFIX_HEADER = YES;
				GCC_PREFIX_HEADER = "$(SYSTEM_LIBRARY_DIR)/Frameworks/AppKit.framework/Headers/AppKit.h";
				INSTALL_PATH = /usr/local/bin;
				OTHER_LDFLAGS = (
					"-framework",
					Foundation,
					"-framework",
					AppKit,
				);
				PREBINDING = NO;
				PRODUCT_NAME = EncodingServer;
				ZERO_LINK = NO;
			};
			name = Release;
		};
		C01FCF4B08A954540054247B /* Debug */ = {
			isa = XCBuildConfiguration;
			buildSettings = {
				COPY_PHASE_STRIP = NO;
				INFOPLIST_FILE = resources/Info.plist;
				INSTALL_PATH = "$(HOME)/Applications";
				PRODUCT_NAME = QTCubed;
				WRAPPER_EXTENSION = app;
			};
			name = Debug;
		};
		C01FCF4C08A954540054247B /* Release */ = {
			isa = XCBuildConfiguration;
			buildSettings = {
				DEBUG_INFORMATION_FORMAT = "dwarf-with-dsym";
				INFOPLIST_FILE = resources/Info.plist;
				INSTALL_PATH = "$(HOME)/Applications";
				PRODUCT_NAME = QTCubed;
				WRAPPER_EXTENSION = app;
			};
			name = Release;
		};
		C01FCF4F08A954540054247B /* Debug */ = {
			isa = XCBuildConfiguration;
			buildSettings = {
				ARCHS = "$(ARCHS_STANDARD_32_64_BIT)";
				GCC_C_LANGUAGE_STANDARD = gnu99;
				GCC_OPTIMIZATION_LEVEL = 0;
				GCC_WARN_ABOUT_RETURN_TYPE = YES;
				GCC_WARN_UNUSED_VARIABLE = YES;
				PREBINDING = NO;
			};
			name = Debug;
		};
		C01FCF5008A954540054247B /* Release */ = {
			isa = XCBuildConfiguration;
			buildSettings = {
				ARCHS = "$(ARCHS_STANDARD_32_64_BIT)";
				GCC_C_LANGUAGE_STANDARD = gnu99;
				GCC_WARN_ABOUT_RETURN_TYPE = YES;
				GCC_WARN_UNUSED_VARIABLE = YES;
				PREBINDING = NO;
			};
			name = Release;
		};
/* End XCBuildConfiguration section */

/* Begin XCConfigurationList section */
		89D0F04B0F393AB7007831A7 /* Build configuration list for PBXLegacyTarget "Compile Java" */ = {
			isa = XCConfigurationList;
			buildConfigurations = (
				89D0F0490F393A6F007831A7 /* Debug */,
				89D0F04A0F393A6F007831A7 /* Release */,
			);
			defaultConfigurationIsVisible = 0;
			defaultConfigurationName = Release;
		};
		89D0F0530F393AF8007831A7 /* Build configuration list for PBXNativeTarget "Compile Native" */ = {
			isa = XCConfigurationList;
			buildConfigurations = (
				89D0F0510F393ADA007831A7 /* Debug */,
				89D0F0520F393ADA007831A7 /* Release */,
			);
			defaultConfigurationIsVisible = 0;
			defaultConfigurationName = Release;
		};
		89D0F1D20F3B7080007831A7 /* Build configuration list for PBXAggregateTarget "QTCubed" */ = {
			isa = XCConfigurationList;
			buildConfigurations = (
				89D0F1CA0F3B704F007831A7 /* Debug */,
				89D0F1CB0F3B704F007831A7 /* Release */,
			);
			defaultConfigurationIsVisible = 0;
			defaultConfigurationName = Release;
		};
		BF440406120133350017F443 /* Build configuration list for PBXLegacyTarget "Tests" */ = {
			isa = XCConfigurationList;
			buildConfigurations = (
				BF4403FE120132C90017F443 /* Debug */,
				BF4403FF120132C90017F443 /* Release */,
			);
			defaultConfigurationIsVisible = 0;
			defaultConfigurationName = Release;
		};
		BF44E7C11185882F00F308F1 /* Build configuration list for PBXNativeTarget "EncodingServer" */ = {
			isa = XCConfigurationList;
			buildConfigurations = (
				BF44E7BF1185880C00F308F1 /* Debug */,
				BF44E7C01185880C00F308F1 /* Release */,
			);
			defaultConfigurationIsVisible = 0;
			defaultConfigurationName = Release;
		};
		C01FCF4A08A954540054247B /* Build configuration list for PBXNativeTarget "Assemble Application" */ = {
			isa = XCConfigurationList;
			buildConfigurations = (
				C01FCF4B08A954540054247B /* Debug */,
				C01FCF4C08A954540054247B /* Release */,
			);
			defaultConfigurationIsVisible = 0;
			defaultConfigurationName = Release;
		};
		C01FCF4E08A954540054247B /* Build configuration list for PBXProject "QTCubed" */ = {
			isa = XCConfigurationList;
			buildConfigurations = (
				C01FCF4F08A954540054247B /* Debug */,
				C01FCF5008A954540054247B /* Release */,
			);
			defaultConfigurationIsVisible = 0;
			defaultConfigurationName = Release;
		};
/* End XCConfigurationList section */
	};
	rootObject = 29B97313FDCFA39411CA2CEA /* Project object */;
}
